<?xml version="1.0" encoding="utf-8"?>
<Project ToolsVersion="4.0" xmlns="http://schemas.microsoft.com/developer/msbuild/2003">
  <ItemGroup>
    <Filter Include="Quelldateien">
      <UniqueIdentifier>{4FC737F1-C7A5-4376-A066-2A32D752A2FF}</UniqueIdentifier>
      <Extensions>cpp;c;cc;cxx;def;odl;idl;hpj;bat;asm;asmx</Extensions>
    </Filter>
    <Filter Include="Ressourcendateien">
      <UniqueIdentifier>{67DA6AB6-F800-4c08-8B7A-83BB121AAD01}</UniqueIdentifier>
      <Extensions>rc;ico;cur;bmp;dlg;rc2;rct;bin;rgs;gif;jpg;jpeg;jpe;resx;tiff;tif;png;wav;mfcribbon-ms</Extensions>
    </Filter>
    <Filter Include="pch">
      <UniqueIdentifier>{93e3d0be-ecf8-4b2d-bc81-2aeaa6a68514}</UniqueIdentifier>
    </Filter>
  </ItemGroup>
  <ItemGroup>
    <ClInclude Include="pch.h">
      <Filter>pch</Filter>
    </ClInclude>
    <ClInclude Include="web_wws_impl_host.h">
      <Filter>Quelldateien</Filter>
    </ClInclude>
    <ClInclude Include="web_wws_impl_proxy.h">
      <Filter>Quelldateien</Filter>
    </ClInclude>
    <ClInclude Include="web_wws_impl_utils.h">
      <Filter>Quelldateien</Filter>
    </ClInclude>
    <ClInclude Include="web_wws_utils.h">
      <Filter>Quelldateien</Filter>
    </ClInclude>
    <ClInclude Include="web_wws_webservicehost.h">
      <Filter>Quelldateien</Filter>
    </ClInclude>
    <ClInclude Include="web_wws_webserviceproxy.h">
      <Filter>Quelldateien</Filter>
    </ClInclude>
  </ItemGroup>
  <ItemGroup>
    <ClCompile Include="pch.cpp">
      <Filter>pch</Filter>
    </ClCompile>
    <ClCompile Include="web_wws_impl_host.cpp">
      <Filter>Quelldateien</Filter>
    </ClCompile>
    <ClCompile Include="web_wws_impl_proxy.cpp">
      <Filter>Quelldateien</Filter>
    </ClCompile>
    <ClCompile Include="web_wws_impl_utils.cpp">
      <Filter>Quelldateien</Filter>
    </ClCompile>
    <ClCompile Include="web_wws_impl_utils_wserror.cpp">
      <Filter>Quelldateien</Filter>
    </ClCompile>
    <ClCompile Include="web_wws_impl_utils_xml.cpp">
      <Filter>Quelldateien</Filter>
    </ClCompile>
  </ItemGroup>
  <ItemGroup>
    <CustomBuild Include="wsdl-example.wsdl">
      <Filter>Ressourcendateien</Filter>
    </CustomBuild>
  </ItemGroup>
</Project>