<?xml version="1.0" encoding="utf-8"?>
<Project ToolsVersion="12.0" xmlns="http://schemas.microsoft.com/developer/msbuild/2003">
  <ItemGroup>
    <Filter Include="ISAM">
      <UniqueIdentifier>{c3099c9e-e0ba-4bb4-9229-0b5f44b8493d}</UniqueIdentifier>
    </Filter>
  </ItemGroup>
  <ItemGroup>
    <ClCompile Include="..\..\3FD\isam_impl.cpp">
      <Filter>ISAM</Filter>
    </ClCompile>
    <ClCompile Include="..\..\3FD\isam_impl_cursor.cpp">
      <Filter>ISAM</Filter>
    </ClCompile>
    <ClCompile Include="..\..\3FD\isam_impl_database.cpp">
      <Filter>ISAM</Filter>
    </ClCompile>
    <ClCompile Include="..\..\3FD\isam_impl_databaseconn.cpp">
      <Filter>ISAM</Filter>
    </ClCompile>
    <ClCompile Include="..\..\3FD\isam_impl_errorhelper.cpp">
      <Filter>ISAM</Filter>
    </ClCompile>
    <ClCompile Include="..\..\3FD\isam_impl_instance.cpp">
      <Filter>ISAM</Filter>
    </ClCompile>
    <ClCompile Include="..\..\3FD\isam_impl_recordreader.cpp">
      <Filter>ISAM</Filter>
    </ClCompile>
    <ClCompile Include="..\..\3FD\isam_impl_session.cpp">
      <Filter>ISAM</Filter>
    </ClCompile>
    <ClCompile Include="..\..\3FD\isam_impl_table.cpp">
      <Filter>ISAM</Filter>
    </ClCompile>
    <ClCompile Include="..\..\3FD\isam_impl_tablewriter.cpp">
      <Filter>ISAM</Filter>
    </ClCompile>
    <ClCompile Include="..\..\3FD\isam_impl_transaction.cpp">
      <Filter>ISAM</Filter>
    </ClCompile>
  </ItemGroup>
  <ItemGroup>
    <ClInclude Include="..\..\3FD\isam.h">
      <Filter>ISAM</Filter>
    </ClInclude>
    <ClInclude Include="..\..\3FD\isam_impl.h">
      <Filter>ISAM</Filter>
    </ClInclude>
  </ItemGroup>
</Project>