<?xml version="1.0" encoding="utf-8"?>
<Project ToolsVersion="14.0" xmlns="http://schemas.microsoft.com/developer/msbuild/2003">
  <ItemGroup>
    <Filter Include="Common">
      <UniqueIdentifier>ad508baa-0192-4edb-b1f5-23dc9cc2ec0c</UniqueIdentifier>
    </Filter>
    <Filter Include="Assets">
      <UniqueIdentifier>956a2eea-08f9-4a04-9a40-1a10b09e4ff0</UniqueIdentifier>
      <Extensions>bmp;fbx;gif;jpg;jpeg;tga;tiff;tif;png</Extensions>
    </Filter>
    <Filter Include="Backend">
      <UniqueIdentifier>{6e2b857f-80a9-4a8e-9a37-fd920ab537f9}</UniqueIdentifier>
    </Filter>
  </ItemGroup>
  <ItemGroup>
    <ApplicationDefinition Include="App.xaml" />
  </ItemGroup>
  <ItemGroup>
    <ClCompile Include="App.xaml.cpp" />
    <ClCompile Include="MainPage.xaml.cpp" />
    <ClCompile Include="..\..\UnitTests\tests_gc_arrayofedges.cpp">
      <Filter>Backend</Filter>
    </ClCompile>
    <ClCompile Include="..\..\UnitTests\tests_gc_hashtable.cpp">
      <Filter>Backend</Filter>
    </ClCompile>
    <ClCompile Include="..\..\UnitTests\tests_gc_vertex.cpp">
      <Filter>Backend</Filter>
    </ClCompile>
    <ClCompile Include="..\..\UnitTests\tests_gc_vertexstore.cpp">
      <Filter>Backend</Filter>
    </ClCompile>
    <ClCompile Include="..\..\UnitTests\tests_utils_lockfreequeue.cpp">
      <Filter>Backend</Filter>
    </ClCompile>
    <ClCompile Include="..\..\UnitTests\tests_utils_pool.cpp">
      <Filter>Backend</Filter>
    </ClCompile>
    <ClCompile Include="pch.cpp">
      <Filter>Backend</Filter>
    </ClCompile>
  </ItemGroup>
  <ItemGroup>
    <ClInclude Include="App.xaml.h" />
    <ClInclude Include="MainPage.xaml.h" />
    <ClInclude Include="pch.h">
      <Filter>Backend</Filter>
    </ClInclude>
  </ItemGroup>
  <ItemGroup>
    <Image Include="Assets\LockScreenLogo.scale-200.png">
      <Filter>Assets</Filter>
    </Image>
    <Image Include="Assets\SplashScreen.scale-200.png">
      <Filter>Assets</Filter>
    </Image>
    <Image Include="Assets\Square150x150Logo.scale-200.png">
      <Filter>Assets</Filter>
    </Image>
    <Image Include="Assets\Square44x44Logo.scale-200.png">
      <Filter>Assets</Filter>
    </Image>
    <Image Include="Assets\Square44x44Logo.targetsize-24_altform-unplated.png">
      <Filter>Assets</Filter>
    </Image>
    <Image Include="Assets\StoreLogo.png">
      <Filter>Assets</Filter>
    </Image>
    <Image Include="Assets\Wide310x150Logo.scale-200.png">
      <Filter>Assets</Filter>
    </Image>
  </ItemGroup>
  <ItemGroup>
    <AppxManifest Include="Package.appxmanifest" />
  </ItemGroup>
  <ItemGroup>
    <None Include="UnitTestsApp.WinRT.UWP_TemporaryKey.pfx" />
  </ItemGroup>
  <ItemGroup>
    <Page Include="MainPage.xaml" />
  </ItemGroup>
  <ItemGroup>
    <Xml Include="7dad5972-ad96-49d8-9ecc-53cb51dee615.3fd.config" />
  </ItemGroup>
</Project>