
Microsoft Visual Studio Solution File, Format Version 12.00
# Visual Studio 14
VisualStudioVersion = 14.0.24720.0
MinimumVisualStudioVersion = 10.0.40219.1
Project("{8BC9CEB8-8B4A-11D0-8D11-00A0C91BC942}") = "3FD", "3FD\3FD.vcxproj", "{CCC4A0A2-15FD-4A6E-AC6C-094AAAAEC80B}"
EndProject
Project("{8BC9CEB8-8B4A-11D0-8D11-00A0C91BC942}") = "UnitTests", "UnitTests\UnitTests.vcxproj", "{A657480D-D083-4C31-B499-42FF50481AC1}"
	ProjectSection(ProjectDependencies) = postProject
		{C8F6C172-56F2-4E76-B5FA-C3B423B31BE8} = {C8F6C172-56F2-4E76-B5FA-C3B423B31BE8}
		{CCC4A0A2-15FD-4A6E-AC6C-094AAAAEC80B} = {CCC4A0A2-15FD-4A6E-AC6C-094AAAAEC80B}
	EndProjectSection
EndProject
Project("{8BC9CEB8-8B4A-11D0-8D11-00A0C91BC942}") = "IntegrationTests", "IntegrationTests\IntegrationTests.vcxproj", "{B288E7DC-4F10-4432-8CB9-2061400F4E0C}"
	ProjectSection(ProjectDependencies) = postProject
		{CCC4A0A2-15FD-4A6E-AC6C-094AAAAEC80B} = {CCC4A0A2-15FD-4A6E-AC6C-094AAAAEC80B}
	EndProjectSection
EndProject
Project("{8BC9CEB8-8B4A-11D0-8D11-00A0C91BC942}") = "gtest-md", "gtest\msvc\gtest-md.vcxproj", "{C8F6C172-56F2-4E76-B5FA-C3B423B31BE8}"
EndProject
Project("{2150E333-8FDC-42A3-9474-1A3956D46DE8}") = "Testing", "Testing", "{8E00B911-43B2-49D5-9B4A-AB6E1ED097A1}"
EndProject
Project("{2150E333-8FDC-42A3-9474-1A3956D46DE8}") = "3FD.WinRT", "3FD.WinRT", "{C6537317-4B66-427D-BFC6-2FC4FC6937E7}"
EndProject
Project("{8BC9CEB8-8B4A-11D0-8D11-00A0C91BC942}") = "3FD.WinRT.Shared", "3FD.WinRT\3FD.WinRT.Shared\3FD.WinRT.Shared.vcxitems", "{857DC1C8-D5D4-471C-BCBE-C29E5F7DD49C}"
EndProject
Project("{8BC9CEB8-8B4A-11D0-8D11-00A0C91BC942}") = "3FD.WinRT.Windows", "3FD.WinRT\3FD.WinRT.Windows\3FD.WinRT.Windows.vcxproj", "{ED6B839D-3EE6-46DE-80DC-DE2090A059C3}"
EndProject
Project("{8BC9CEB8-8B4A-11D0-8D11-00A0C91BC942}") = "3FD.WinRT.WindowsPhone", "3FD.WinRT\3FD.WinRT.WindowsPhone\3FD.WinRT.WindowsPhone.vcxproj", "{D4D1D2D5-7594-49BB-9427-FF7D770F5AE8}"
EndProject
Project("{2150E333-8FDC-42A3-9474-1A3956D46DE8}") = "Solution Items", "Solution Items", "{6FE4019E-19FF-4D78-80F1-F44C0BF271BB}"
	ProjectSection(SolutionItems) = preProject
		Performance1.psess = Performance1.psess
	EndProjectSection
EndProject
Project("{2150E333-8FDC-42A3-9474-1A3956D46DE8}") = "gtest.WinRT", "gtest.WinRT", "{EE86AB66-09DF-45EB-A42A-ED426AF3266E}"
EndProject
Project("{8BC9CEB8-8B4A-11D0-8D11-00A0C91BC942}") = "gtest.WinRT.Shared", "gtest.WinRT\gtest.WinRT.Shared\gtest.WinRT.Shared.vcxitems", "{DB9A7788-5840-496C-AF13-6100450D9C32}"
EndProject
Project("{8BC9CEB8-8B4A-11D0-8D11-00A0C91BC942}") = "gtest.WinRT.Windows", "gtest.WinRT\gtest.WinRT.Windows\gtest.WinRT.Windows.vcxproj", "{FC5F4BF1-6C86-45DC-93DA-78E380E20CD8}"
EndProject
Project("{8BC9CEB8-8B4A-11D0-8D11-00A0C91BC942}") = "gtest.WinRT.WindowsPhone", "gtest.WinRT\gtest.WinRT.WindowsPhone\gtest.WinRT.WindowsPhone.vcxproj", "{492F5223-5828-4D61-AEBB-2C6241BF84F9}"
EndProject
Project("{2150E333-8FDC-42A3-9474-1A3956D46DE8}") = "UnitTestsApp.WinRT", "UnitTestsApp.WinRT", "{673DD1A8-1AC7-4549-BAF3-1F1DAFD2FAF8}"
EndProject
Project("{8BC9CEB8-8B4A-11D0-8D11-00A0C91BC942}") = "UnitTestsApp.WinRT.Shared", "UnitTestsApp.WinRT\UnitTestsApp.WinRT.Shared\UnitTestsApp.WinRT.Shared.vcxitems", "{A4C17041-161F-41D0-9E4E-60CF9D752152}"
EndProject
Project("{8BC9CEB8-8B4A-11D0-8D11-00A0C91BC942}") = "UnitTestsApp.WinRT.Windows", "UnitTestsApp.WinRT\UnitTestsApp.WinRT.Windows\UnitTestsApp.WinRT.Windows.vcxproj", "{0EF226C5-847E-48B1-B1EC-AF09067DB12F}"
EndProject
Project("{8BC9CEB8-8B4A-11D0-8D11-00A0C91BC942}") = "UnitTestsApp.WinRT.WindowsPhone", "UnitTestsApp.WinRT\UnitTestsApp.WinRT.WindowsPhone\UnitTestsApp.WinRT.WindowsPhone.vcxproj", "{47155299-1B16-46E9-8C5C-7974558E4CCD}"
EndProject
Project("{8BC9CEB8-8B4A-11D0-8D11-00A0C91BC942}") = "IntegrationTestsApp.WinRT.Shared", "IntegrationTestsApp.WinRT\IntegrationTestsApp.WinRT.Shared\IntegrationTestsApp.WinRT.Shared.vcxitems", "{4532B9CC-1245-486D-ACFB-0D190BB4EA2A}"
EndProject
Project("{2150E333-8FDC-42A3-9474-1A3956D46DE8}") = "IntegrationTestsApp.WinRT", "IntegrationTestsApp.WinRT", "{35A12F43-25FF-406A-8CCF-B203F688A791}"
EndProject
Project("{8BC9CEB8-8B4A-11D0-8D11-00A0C91BC942}") = "IntegrationTestsApp.WinRT.Windows", "IntegrationTestsApp.WinRT\IntegrationTestsApp.WinRT.Windows\IntegrationTestsApp.WinRT.Windows.vcxproj", "{09ED5B36-D345-4D62-9F01-DC41168BCB35}"
EndProject
Project("{8BC9CEB8-8B4A-11D0-8D11-00A0C91BC942}") = "IntegrationTestsApp.WinRT.WindowsPhone", "IntegrationTestsApp.WinRT\IntegrationTestsApp.WinRT.WindowsPhone\IntegrationTestsApp.WinRT.WindowsPhone.vcxproj", "{CEB9F9FD-5E2A-49FB-AC14-2DEF01DC80B8}"
EndProject
Project("{8BC9CEB8-8B4A-11D0-8D11-00A0C91BC942}") = "3FD.WinRT.Universal", "3FD.WinRT.Universal\3FD.WinRT.Universal.vcxproj", "{B5457423-3F41-4B5C-AD76-BED9A58FB12E}"
EndProject
Global
	GlobalSection(SharedMSBuildProjectFiles) = preSolution
		3FD.WinRT\3FD.WinRT.Shared\3FD.WinRT.Shared.vcxitems*{857dc1c8-d5d4-471c-bcbe-c29e5f7dd49c}*SharedItemsImports = 9
		IntegrationTestsApp.WinRT\IntegrationTestsApp.WinRT.Shared\IntegrationTestsApp.WinRT.Shared.vcxitems*{ceb9f9fd-5e2a-49fb-ac14-2def01dc80b8}*SharedItemsImports = 4
		UnitTestsApp.WinRT\UnitTestsApp.WinRT.Shared\UnitTestsApp.WinRT.Shared.vcxitems*{a4c17041-161f-41d0-9e4e-60cf9d752152}*SharedItemsImports = 9
		gtest.WinRT\gtest.WinRT.Shared\gtest.WinRT.Shared.vcxitems*{db9a7788-5840-496c-af13-6100450d9c32}*SharedItemsImports = 9
		gtest.WinRT\gtest.WinRT.Shared\gtest.WinRT.Shared.vcxitems*{fc5f4bf1-6c86-45dc-93da-78e380e20cd8}*SharedItemsImports = 4
		IntegrationTestsApp.WinRT\IntegrationTestsApp.WinRT.Shared\IntegrationTestsApp.WinRT.Shared.vcxitems*{09ed5b36-d345-4d62-9f01-dc41168bcb35}*SharedItemsImports = 4
		3FD.WinRT\3FD.WinRT.Shared\3FD.WinRT.Shared.vcxitems*{ed6b839d-3ee6-46de-80dc-de2090a059c3}*SharedItemsImports = 4
		UnitTestsApp.WinRT\UnitTestsApp.WinRT.Shared\UnitTestsApp.WinRT.Shared.vcxitems*{47155299-1b16-46e9-8c5c-7974558e4ccd}*SharedItemsImports = 4
		UnitTestsApp.WinRT\UnitTestsApp.WinRT.Shared\UnitTestsApp.WinRT.Shared.vcxitems*{0ef226c5-847e-48b1-b1ec-af09067db12f}*SharedItemsImports = 4
		gtest.WinRT\gtest.WinRT.Shared\gtest.WinRT.Shared.vcxitems*{492f5223-5828-4d61-aebb-2c6241bf84f9}*SharedItemsImports = 4
		IntegrationTestsApp.WinRT\IntegrationTestsApp.WinRT.Shared\IntegrationTestsApp.WinRT.Shared.vcxitems*{4532b9cc-1245-486d-acfb-0d190bb4ea2a}*SharedItemsImports = 9
		3FD.WinRT\3FD.WinRT.Shared\3FD.WinRT.Shared.vcxitems*{d4d1d2d5-7594-49bb-9427-ff7d770f5ae8}*SharedItemsImports = 4
	EndGlobalSection
	GlobalSection(SolutionConfigurationPlatforms) = preSolution
		Debug|ARM = Debug|ARM
		Debug|Mixed Platforms = Debug|Mixed Platforms
		Debug|Win32 = Debug|Win32
		Debug|x64 = Debug|x64
		Release|ARM = Release|ARM
		Release|Mixed Platforms = Release|Mixed Platforms
		Release|Win32 = Release|Win32
		Release|x64 = Release|x64
	EndGlobalSection
	GlobalSection(ProjectConfigurationPlatforms) = postSolution
		{CCC4A0A2-15FD-4A6E-AC6C-094AAAAEC80B}.Debug|ARM.ActiveCfg = Debug|ARM
		{CCC4A0A2-15FD-4A6E-AC6C-094AAAAEC80B}.Debug|Mixed Platforms.ActiveCfg = Debug|x64
		{CCC4A0A2-15FD-4A6E-AC6C-094AAAAEC80B}.Debug|Mixed Platforms.Build.0 = Debug|x64
		{CCC4A0A2-15FD-4A6E-AC6C-094AAAAEC80B}.Debug|Win32.ActiveCfg = Debug|Win32
		{CCC4A0A2-15FD-4A6E-AC6C-094AAAAEC80B}.Debug|Win32.Build.0 = Debug|Win32
		{CCC4A0A2-15FD-4A6E-AC6C-094AAAAEC80B}.Debug|x64.ActiveCfg = Debug|x64
		{CCC4A0A2-15FD-4A6E-AC6C-094AAAAEC80B}.Debug|x64.Build.0 = Debug|x64
		{CCC4A0A2-15FD-4A6E-AC6C-094AAAAEC80B}.Release|ARM.ActiveCfg = Release|x64
		{CCC4A0A2-15FD-4A6E-AC6C-094AAAAEC80B}.Release|Mixed Platforms.ActiveCfg = Release|x64
		{CCC4A0A2-15FD-4A6E-AC6C-094AAAAEC80B}.Release|Mixed Platforms.Build.0 = Release|x64
		{CCC4A0A2-15FD-4A6E-AC6C-094AAAAEC80B}.Release|Win32.ActiveCfg = Release|Win32
		{CCC4A0A2-15FD-4A6E-AC6C-094AAAAEC80B}.Release|Win32.Build.0 = Release|Win32
		{CCC4A0A2-15FD-4A6E-AC6C-094AAAAEC80B}.Release|x64.ActiveCfg = Release|x64
		{CCC4A0A2-15FD-4A6E-AC6C-094AAAAEC80B}.Release|x64.Build.0 = Release|x64
		{A657480D-D083-4C31-B499-42FF50481AC1}.Debug|ARM.ActiveCfg = Debug|Win32
		{A657480D-D083-4C31-B499-42FF50481AC1}.Debug|Mixed Platforms.ActiveCfg = Debug|x64
		{A657480D-D083-4C31-B499-42FF50481AC1}.Debug|Mixed Platforms.Build.0 = Debug|x64
		{A657480D-D083-4C31-B499-42FF50481AC1}.Debug|Win32.ActiveCfg = Debug|Win32
		{A657480D-D083-4C31-B499-42FF50481AC1}.Debug|Win32.Build.0 = Debug|Win32
		{A657480D-D083-4C31-B499-42FF50481AC1}.Debug|x64.ActiveCfg = Debug|x64
		{A657480D-D083-4C31-B499-42FF50481AC1}.Debug|x64.Build.0 = Debug|x64
		{A657480D-D083-4C31-B499-42FF50481AC1}.Release|ARM.ActiveCfg = Release|Win32
		{A657480D-D083-4C31-B499-42FF50481AC1}.Release|Mixed Platforms.ActiveCfg = Release|x64
		{A657480D-D083-4C31-B499-42FF50481AC1}.Release|Mixed Platforms.Build.0 = Release|x64
		{A657480D-D083-4C31-B499-42FF50481AC1}.Release|Win32.ActiveCfg = Release|Win32
		{A657480D-D083-4C31-B499-42FF50481AC1}.Release|Win32.Build.0 = Release|Win32
		{A657480D-D083-4C31-B499-42FF50481AC1}.Release|x64.ActiveCfg = Release|x64
		{A657480D-D083-4C31-B499-42FF50481AC1}.Release|x64.Build.0 = Release|x64
		{B288E7DC-4F10-4432-8CB9-2061400F4E0C}.Debug|ARM.ActiveCfg = Debug|Win32
		{B288E7DC-4F10-4432-8CB9-2061400F4E0C}.Debug|Mixed Platforms.ActiveCfg = Debug|x64
		{B288E7DC-4F10-4432-8CB9-2061400F4E0C}.Debug|Mixed Platforms.Build.0 = Debug|x64
		{B288E7DC-4F10-4432-8CB9-2061400F4E0C}.Debug|Win32.ActiveCfg = Debug|Win32
		{B288E7DC-4F10-4432-8CB9-2061400F4E0C}.Debug|Win32.Build.0 = Debug|Win32
		{B288E7DC-4F10-4432-8CB9-2061400F4E0C}.Debug|x64.ActiveCfg = Debug|x64
		{B288E7DC-4F10-4432-8CB9-2061400F4E0C}.Debug|x64.Build.0 = Debug|x64
		{B288E7DC-4F10-4432-8CB9-2061400F4E0C}.Release|ARM.ActiveCfg = Release|Win32
		{B288E7DC-4F10-4432-8CB9-2061400F4E0C}.Release|Mixed Platforms.ActiveCfg = Release|x64
		{B288E7DC-4F10-4432-8CB9-2061400F4E0C}.Release|Mixed Platforms.Build.0 = Release|x64
		{B288E7DC-4F10-4432-8CB9-2061400F4E0C}.Release|Win32.ActiveCfg = Release|Win32
		{B288E7DC-4F10-4432-8CB9-2061400F4E0C}.Release|Win32.Build.0 = Release|Win32
		{B288E7DC-4F10-4432-8CB9-2061400F4E0C}.Release|x64.ActiveCfg = Release|x64
		{B288E7DC-4F10-4432-8CB9-2061400F4E0C}.Release|x64.Build.0 = Release|x64
		{C8F6C172-56F2-4E76-B5FA-C3B423B31BE8}.Debug|ARM.ActiveCfg = Debug|Win32
		{C8F6C172-56F2-4E76-B5FA-C3B423B31BE8}.Debug|Mixed Platforms.ActiveCfg = Debug|x64
		{C8F6C172-56F2-4E76-B5FA-C3B423B31BE8}.Debug|Mixed Platforms.Build.0 = Debug|x64
		{C8F6C172-56F2-4E76-B5FA-C3B423B31BE8}.Debug|Win32.ActiveCfg = Debug|Win32
		{C8F6C172-56F2-4E76-B5FA-C3B423B31BE8}.Debug|Win32.Build.0 = Debug|Win32
		{C8F6C172-56F2-4E76-B5FA-C3B423B31BE8}.Debug|x64.ActiveCfg = Debug|x64
		{C8F6C172-56F2-4E76-B5FA-C3B423B31BE8}.Debug|x64.Build.0 = Debug|x64
		{C8F6C172-56F2-4E76-B5FA-C3B423B31BE8}.Release|ARM.ActiveCfg = Release|Win32
		{C8F6C172-56F2-4E76-B5FA-C3B423B31BE8}.Release|Mixed Platforms.ActiveCfg = Release|x64
		{C8F6C172-56F2-4E76-B5FA-C3B423B31BE8}.Release|Mixed Platforms.Build.0 = Release|x64
		{C8F6C172-56F2-4E76-B5FA-C3B423B31BE8}.Release|Win32.ActiveCfg = Release|Win32
		{C8F6C172-56F2-4E76-B5FA-C3B423B31BE8}.Release|Win32.Build.0 = Release|Win32
		{C8F6C172-56F2-4E76-B5FA-C3B423B31BE8}.Release|x64.ActiveCfg = Release|x64
		{C8F6C172-56F2-4E76-B5FA-C3B423B31BE8}.Release|x64.Build.0 = Release|x64
		{ED6B839D-3EE6-46DE-80DC-DE2090A059C3}.Debug|ARM.ActiveCfg = Debug|Win32
		{ED6B839D-3EE6-46DE-80DC-DE2090A059C3}.Debug|Mixed Platforms.ActiveCfg = Debug|x64
		{ED6B839D-3EE6-46DE-80DC-DE2090A059C3}.Debug|Mixed Platforms.Build.0 = Debug|x64
		{ED6B839D-3EE6-46DE-80DC-DE2090A059C3}.Debug|Win32.ActiveCfg = Debug|Win32
		{ED6B839D-3EE6-46DE-80DC-DE2090A059C3}.Debug|Win32.Build.0 = Debug|Win32
		{ED6B839D-3EE6-46DE-80DC-DE2090A059C3}.Debug|x64.ActiveCfg = Debug|x64
		{ED6B839D-3EE6-46DE-80DC-DE2090A059C3}.Debug|x64.Build.0 = Debug|x64
		{ED6B839D-3EE6-46DE-80DC-DE2090A059C3}.Release|ARM.ActiveCfg = Release|Win32
		{ED6B839D-3EE6-46DE-80DC-DE2090A059C3}.Release|Mixed Platforms.ActiveCfg = Release|x64
		{ED6B839D-3EE6-46DE-80DC-DE2090A059C3}.Release|Mixed Platforms.Build.0 = Release|x64
		{ED6B839D-3EE6-46DE-80DC-DE2090A059C3}.Release|Win32.ActiveCfg = Release|Win32
		{ED6B839D-3EE6-46DE-80DC-DE2090A059C3}.Release|Win32.Build.0 = Release|Win32
		{ED6B839D-3EE6-46DE-80DC-DE2090A059C3}.Release|x64.ActiveCfg = Release|x64
		{ED6B839D-3EE6-46DE-80DC-DE2090A059C3}.Release|x64.Build.0 = Release|x64
		{D4D1D2D5-7594-49BB-9427-FF7D770F5AE8}.Debug|ARM.ActiveCfg = Debug|ARM
		{D4D1D2D5-7594-49BB-9427-FF7D770F5AE8}.Debug|ARM.Build.0 = Debug|ARM
		{D4D1D2D5-7594-49BB-9427-FF7D770F5AE8}.Debug|Mixed Platforms.ActiveCfg = Debug|ARM
		{D4D1D2D5-7594-49BB-9427-FF7D770F5AE8}.Debug|Mixed Platforms.Build.0 = Debug|ARM
		{D4D1D2D5-7594-49BB-9427-FF7D770F5AE8}.Debug|Win32.ActiveCfg = Debug|Win32
		{D4D1D2D5-7594-49BB-9427-FF7D770F5AE8}.Debug|Win32.Build.0 = Debug|Win32
		{D4D1D2D5-7594-49BB-9427-FF7D770F5AE8}.Debug|x64.ActiveCfg = Debug|Win32
		{D4D1D2D5-7594-49BB-9427-FF7D770F5AE8}.Release|ARM.ActiveCfg = Release|ARM
		{D4D1D2D5-7594-49BB-9427-FF7D770F5AE8}.Release|ARM.Build.0 = Release|ARM
		{D4D1D2D5-7594-49BB-9427-FF7D770F5AE8}.Release|Mixed Platforms.ActiveCfg = Release|ARM
		{D4D1D2D5-7594-49BB-9427-FF7D770F5AE8}.Release|Mixed Platforms.Build.0 = Release|ARM
		{D4D1D2D5-7594-49BB-9427-FF7D770F5AE8}.Release|Win32.ActiveCfg = Release|Win32
		{D4D1D2D5-7594-49BB-9427-FF7D770F5AE8}.Release|Win32.Build.0 = Release|Win32
		{D4D1D2D5-7594-49BB-9427-FF7D770F5AE8}.Release|x64.ActiveCfg = Release|Win32
		{FC5F4BF1-6C86-45DC-93DA-78E380E20CD8}.Debug|ARM.ActiveCfg = Debug|Win32
		{FC5F4BF1-6C86-45DC-93DA-78E380E20CD8}.Debug|Mixed Platforms.ActiveCfg = Debug|x64
		{FC5F4BF1-6C86-45DC-93DA-78E380E20CD8}.Debug|Mixed Platforms.Build.0 = Debug|x64
		{FC5F4BF1-6C86-45DC-93DA-78E380E20CD8}.Debug|Win32.ActiveCfg = Debug|Win32
		{FC5F4BF1-6C86-45DC-93DA-78E380E20CD8}.Debug|Win32.Build.0 = Debug|Win32
		{FC5F4BF1-6C86-45DC-93DA-78E380E20CD8}.Debug|x64.ActiveCfg = Debug|x64
		{FC5F4BF1-6C86-45DC-93DA-78E380E20CD8}.Debug|x64.Build.0 = Debug|x64
		{FC5F4BF1-6C86-45DC-93DA-78E380E20CD8}.Release|ARM.ActiveCfg = Release|Win32
		{FC5F4BF1-6C86-45DC-93DA-78E380E20CD8}.Release|Mixed Platforms.ActiveCfg = Release|x64
		{FC5F4BF1-6C86-45DC-93DA-78E380E20CD8}.Release|Mixed Platforms.Build.0 = Release|x64
		{FC5F4BF1-6C86-45DC-93DA-78E380E20CD8}.Release|Win32.ActiveCfg = Release|Win32
		{FC5F4BF1-6C86-45DC-93DA-78E380E20CD8}.Release|Win32.Build.0 = Release|Win32
		{FC5F4BF1-6C86-45DC-93DA-78E380E20CD8}.Release|x64.ActiveCfg = Release|x64
		{FC5F4BF1-6C86-45DC-93DA-78E380E20CD8}.Release|x64.Build.0 = Release|x64
		{492F5223-5828-4D61-AEBB-2C6241BF84F9}.Debug|ARM.ActiveCfg = Debug|ARM
		{492F5223-5828-4D61-AEBB-2C6241BF84F9}.Debug|ARM.Build.0 = Debug|ARM
		{492F5223-5828-4D61-AEBB-2C6241BF84F9}.Debug|Mixed Platforms.ActiveCfg = Debug|ARM
		{492F5223-5828-4D61-AEBB-2C6241BF84F9}.Debug|Mixed Platforms.Build.0 = Debug|ARM
		{492F5223-5828-4D61-AEBB-2C6241BF84F9}.Debug|Win32.ActiveCfg = Debug|Win32
		{492F5223-5828-4D61-AEBB-2C6241BF84F9}.Debug|Win32.Build.0 = Debug|Win32
		{492F5223-5828-4D61-AEBB-2C6241BF84F9}.Debug|x64.ActiveCfg = Debug|Win32
		{492F5223-5828-4D61-AEBB-2C6241BF84F9}.Release|ARM.ActiveCfg = Release|ARM
		{492F5223-5828-4D61-AEBB-2C6241BF84F9}.Release|ARM.Build.0 = Release|ARM
		{492F5223-5828-4D61-AEBB-2C6241BF84F9}.Release|Mixed Platforms.ActiveCfg = Release|ARM
		{492F5223-5828-4D61-AEBB-2C6241BF84F9}.Release|Mixed Platforms.Build.0 = Release|ARM
		{492F5223-5828-4D61-AEBB-2C6241BF84F9}.Release|Win32.ActiveCfg = Release|Win32
		{492F5223-5828-4D61-AEBB-2C6241BF84F9}.Release|Win32.Build.0 = Release|Win32
		{492F5223-5828-4D61-AEBB-2C6241BF84F9}.Release|x64.ActiveCfg = Release|Win32
		{0EF226C5-847E-48B1-B1EC-AF09067DB12F}.Debug|ARM.ActiveCfg = Debug|Win32
		{0EF226C5-847E-48B1-B1EC-AF09067DB12F}.Debug|Mixed Platforms.ActiveCfg = Debug|x64
		{0EF226C5-847E-48B1-B1EC-AF09067DB12F}.Debug|Mixed Platforms.Build.0 = Debug|x64
		{0EF226C5-847E-48B1-B1EC-AF09067DB12F}.Debug|Mixed Platforms.Deploy.0 = Debug|x64
		{0EF226C5-847E-48B1-B1EC-AF09067DB12F}.Debug|Win32.ActiveCfg = Debug|Win32
		{0EF226C5-847E-48B1-B1EC-AF09067DB12F}.Debug|Win32.Build.0 = Debug|Win32
		{0EF226C5-847E-48B1-B1EC-AF09067DB12F}.Debug|Win32.Deploy.0 = Debug|Win32
		{0EF226C5-847E-48B1-B1EC-AF09067DB12F}.Debug|x64.ActiveCfg = Debug|x64
		{0EF226C5-847E-48B1-B1EC-AF09067DB12F}.Debug|x64.Build.0 = Debug|x64
		{0EF226C5-847E-48B1-B1EC-AF09067DB12F}.Debug|x64.Deploy.0 = Debug|x64
		{0EF226C5-847E-48B1-B1EC-AF09067DB12F}.Release|ARM.ActiveCfg = Release|Win32
		{0EF226C5-847E-48B1-B1EC-AF09067DB12F}.Release|Mixed Platforms.ActiveCfg = Release|x64
		{0EF226C5-847E-48B1-B1EC-AF09067DB12F}.Release|Mixed Platforms.Build.0 = Release|x64
		{0EF226C5-847E-48B1-B1EC-AF09067DB12F}.Release|Mixed Platforms.Deploy.0 = Release|x64
		{0EF226C5-847E-48B1-B1EC-AF09067DB12F}.Release|Win32.ActiveCfg = Release|Win32
		{0EF226C5-847E-48B1-B1EC-AF09067DB12F}.Release|Win32.Build.0 = Release|Win32
		{0EF226C5-847E-48B1-B1EC-AF09067DB12F}.Release|Win32.Deploy.0 = Release|Win32
		{0EF226C5-847E-48B1-B1EC-AF09067DB12F}.Release|x64.ActiveCfg = Release|x64
		{0EF226C5-847E-48B1-B1EC-AF09067DB12F}.Release|x64.Build.0 = Release|x64
		{0EF226C5-847E-48B1-B1EC-AF09067DB12F}.Release|x64.Deploy.0 = Release|x64
		{47155299-1B16-46E9-8C5C-7974558E4CCD}.Debug|ARM.ActiveCfg = Debug|ARM
		{47155299-1B16-46E9-8C5C-7974558E4CCD}.Debug|ARM.Build.0 = Debug|ARM
		{47155299-1B16-46E9-8C5C-7974558E4CCD}.Debug|ARM.Deploy.0 = Debug|ARM
		{47155299-1B16-46E9-8C5C-7974558E4CCD}.Debug|Mixed Platforms.ActiveCfg = Debug|ARM
		{47155299-1B16-46E9-8C5C-7974558E4CCD}.Debug|Mixed Platforms.Build.0 = Debug|ARM
		{47155299-1B16-46E9-8C5C-7974558E4CCD}.Debug|Mixed Platforms.Deploy.0 = Debug|ARM
		{47155299-1B16-46E9-8C5C-7974558E4CCD}.Debug|Win32.ActiveCfg = Debug|Win32
		{47155299-1B16-46E9-8C5C-7974558E4CCD}.Debug|Win32.Build.0 = Debug|Win32
		{47155299-1B16-46E9-8C5C-7974558E4CCD}.Debug|Win32.Deploy.0 = Debug|Win32
		{47155299-1B16-46E9-8C5C-7974558E4CCD}.Debug|x64.ActiveCfg = Debug|Win32
		{47155299-1B16-46E9-8C5C-7974558E4CCD}.Release|ARM.ActiveCfg = Release|ARM
		{47155299-1B16-46E9-8C5C-7974558E4CCD}.Release|ARM.Build.0 = Release|ARM
		{47155299-1B16-46E9-8C5C-7974558E4CCD}.Release|ARM.Deploy.0 = Release|ARM
		{47155299-1B16-46E9-8C5C-7974558E4CCD}.Release|Mixed Platforms.ActiveCfg = Release|ARM
		{47155299-1B16-46E9-8C5C-7974558E4CCD}.Release|Mixed Platforms.Build.0 = Release|ARM
		{47155299-1B16-46E9-8C5C-7974558E4CCD}.Release|Mixed Platforms.Deploy.0 = Release|ARM
		{47155299-1B16-46E9-8C5C-7974558E4CCD}.Release|Win32.ActiveCfg = Release|Win32
		{47155299-1B16-46E9-8C5C-7974558E4CCD}.Release|Win32.Build.0 = Release|Win32
		{47155299-1B16-46E9-8C5C-7974558E4CCD}.Release|Win32.Deploy.0 = Release|Win32
		{47155299-1B16-46E9-8C5C-7974558E4CCD}.Release|x64.ActiveCfg = Release|Win32
		{09ED5B36-D345-4D62-9F01-DC41168BCB35}.Debug|ARM.ActiveCfg = Debug|Win32
		{09ED5B36-D345-4D62-9F01-DC41168BCB35}.Debug|Mixed Platforms.ActiveCfg = Debug|Win32
		{09ED5B36-D345-4D62-9F01-DC41168BCB35}.Debug|Mixed Platforms.Build.0 = Debug|Win32
		{09ED5B36-D345-4D62-9F01-DC41168BCB35}.Debug|Mixed Platforms.Deploy.0 = Debug|Win32
		{09ED5B36-D345-4D62-9F01-DC41168BCB35}.Debug|Win32.ActiveCfg = Debug|Win32
		{09ED5B36-D345-4D62-9F01-DC41168BCB35}.Debug|Win32.Build.0 = Debug|Win32
		{09ED5B36-D345-4D62-9F01-DC41168BCB35}.Debug|Win32.Deploy.0 = Debug|Win32
		{09ED5B36-D345-4D62-9F01-DC41168BCB35}.Debug|x64.ActiveCfg = Debug|x64
		{09ED5B36-D345-4D62-9F01-DC41168BCB35}.Debug|x64.Build.0 = Debug|x64
		{09ED5B36-D345-4D62-9F01-DC41168BCB35}.Debug|x64.Deploy.0 = Debug|x64
		{09ED5B36-D345-4D62-9F01-DC41168BCB35}.Release|ARM.ActiveCfg = Release|Win32
		{09ED5B36-D345-4D62-9F01-DC41168BCB35}.Release|Mixed Platforms.ActiveCfg = Release|Win32
		{09ED5B36-D345-4D62-9F01-DC41168BCB35}.Release|Mixed Platforms.Build.0 = Release|Win32
		{09ED5B36-D345-4D62-9F01-DC41168BCB35}.Release|Mixed Platforms.Deploy.0 = Release|Win32
		{09ED5B36-D345-4D62-9F01-DC41168BCB35}.Release|Win32.ActiveCfg = Release|Win32
		{09ED5B36-D345-4D62-9F01-DC41168BCB35}.Release|Win32.Build.0 = Release|Win32
		{09ED5B36-D345-4D62-9F01-DC41168BCB35}.Release|Win32.Deploy.0 = Release|Win32
		{09ED5B36-D345-4D62-9F01-DC41168BCB35}.Release|x64.ActiveCfg = Release|x64
		{09ED5B36-D345-4D62-9F01-DC41168BCB35}.Release|x64.Build.0 = Release|x64
		{09ED5B36-D345-4D62-9F01-DC41168BCB35}.Release|x64.Deploy.0 = Release|x64
		{CEB9F9FD-5E2A-49FB-AC14-2DEF01DC80B8}.Debug|ARM.ActiveCfg = Debug|ARM
		{CEB9F9FD-5E2A-49FB-AC14-2DEF01DC80B8}.Debug|ARM.Build.0 = Debug|ARM
		{CEB9F9FD-5E2A-49FB-AC14-2DEF01DC80B8}.Debug|ARM.Deploy.0 = Debug|ARM
		{CEB9F9FD-5E2A-49FB-AC14-2DEF01DC80B8}.Debug|Mixed Platforms.ActiveCfg = Debug|Win32
		{CEB9F9FD-5E2A-49FB-AC14-2DEF01DC80B8}.Debug|Mixed Platforms.Build.0 = Debug|Win32
		{CEB9F9FD-5E2A-49FB-AC14-2DEF01DC80B8}.Debug|Mixed Platforms.Deploy.0 = Debug|Win32
		{CEB9F9FD-5E2A-49FB-AC14-2DEF01DC80B8}.Debug|Win32.ActiveCfg = Debug|Win32
		{CEB9F9FD-5E2A-49FB-AC14-2DEF01DC80B8}.Debug|Win32.Build.0 = Debug|Win32
		{CEB9F9FD-5E2A-49FB-AC14-2DEF01DC80B8}.Debug|Win32.Deploy.0 = Debug|Win32
		{CEB9F9FD-5E2A-49FB-AC14-2DEF01DC80B8}.Debug|x64.ActiveCfg = Debug|Win32
		{CEB9F9FD-5E2A-49FB-AC14-2DEF01DC80B8}.Release|ARM.ActiveCfg = Release|ARM
		{CEB9F9FD-5E2A-49FB-AC14-2DEF01DC80B8}.Release|ARM.Build.0 = Release|ARM
		{CEB9F9FD-5E2A-49FB-AC14-2DEF01DC80B8}.Release|ARM.Deploy.0 = Release|ARM
		{CEB9F9FD-5E2A-49FB-AC14-2DEF01DC80B8}.Release|Mixed Platforms.ActiveCfg = Release|Win32
		{CEB9F9FD-5E2A-49FB-AC14-2DEF01DC80B8}.Release|Mixed Platforms.Build.0 = Release|Win32
		{CEB9F9FD-5E2A-49FB-AC14-2DEF01DC80B8}.Release|Mixed Platforms.Deploy.0 = Release|Win32
		{CEB9F9FD-5E2A-49FB-AC14-2DEF01DC80B8}.Release|Win32.ActiveCfg = Release|Win32
		{CEB9F9FD-5E2A-49FB-AC14-2DEF01DC80B8}.Release|Win32.Build.0 = Release|Win32
		{CEB9F9FD-5E2A-49FB-AC14-2DEF01DC80B8}.Release|Win32.Deploy.0 = Release|Win32
		{CEB9F9FD-5E2A-49FB-AC14-2DEF01DC80B8}.Release|x64.ActiveCfg = Release|Win32
		{B5457423-3F41-4B5C-AD76-BED9A58FB12E}.Debug|ARM.ActiveCfg = Debug|ARM
		{B5457423-3F41-4B5C-AD76-BED9A58FB12E}.Debug|ARM.Build.0 = Debug|ARM
		{B5457423-3F41-4B5C-AD76-BED9A58FB12E}.Debug|Mixed Platforms.ActiveCfg = Debug|Win32
		{B5457423-3F41-4B5C-AD76-BED9A58FB12E}.Debug|Mixed Platforms.Build.0 = Debug|Win32
		{B5457423-3F41-4B5C-AD76-BED9A58FB12E}.Debug|Win32.ActiveCfg = Debug|Win32
		{B5457423-3F41-4B5C-AD76-BED9A58FB12E}.Debug|Win32.Build.0 = Debug|Win32
		{B5457423-3F41-4B5C-AD76-BED9A58FB12E}.Debug|x64.ActiveCfg = Debug|x64
		{B5457423-3F41-4B5C-AD76-BED9A58FB12E}.Debug|x64.Build.0 = Debug|x64
		{B5457423-3F41-4B5C-AD76-BED9A58FB12E}.Release|ARM.ActiveCfg = Release|ARM
		{B5457423-3F41-4B5C-AD76-BED9A58FB12E}.Release|ARM.Build.0 = Release|ARM
		{B5457423-3F41-4B5C-AD76-BED9A58FB12E}.Release|Mixed Platforms.ActiveCfg = Release|Win32
		{B5457423-3F41-4B5C-AD76-BED9A58FB12E}.Release|Mixed Platforms.Build.0 = Release|Win32
		{B5457423-3F41-4B5C-AD76-BED9A58FB12E}.Release|Win32.ActiveCfg = Release|Win32
		{B5457423-3F41-4B5C-AD76-BED9A58FB12E}.Release|Win32.Build.0 = Release|Win32
		{B5457423-3F41-4B5C-AD76-BED9A58FB12E}.Release|x64.ActiveCfg = Release|x64
		{B5457423-3F41-4B5C-AD76-BED9A58FB12E}.Release|x64.Build.0 = Release|x64
	EndGlobalSection
	GlobalSection(SolutionProperties) = preSolution
		HideSolutionNode = FALSE
	EndGlobalSection
	GlobalSection(NestedProjects) = preSolution
		{A657480D-D083-4C31-B499-42FF50481AC1} = {8E00B911-43B2-49D5-9B4A-AB6E1ED097A1}
		{B288E7DC-4F10-4432-8CB9-2061400F4E0C} = {8E00B911-43B2-49D5-9B4A-AB6E1ED097A1}
		{C8F6C172-56F2-4E76-B5FA-C3B423B31BE8} = {8E00B911-43B2-49D5-9B4A-AB6E1ED097A1}
		{857DC1C8-D5D4-471C-BCBE-C29E5F7DD49C} = {C6537317-4B66-427D-BFC6-2FC4FC6937E7}
		{ED6B839D-3EE6-46DE-80DC-DE2090A059C3} = {C6537317-4B66-427D-BFC6-2FC4FC6937E7}
		{D4D1D2D5-7594-49BB-9427-FF7D770F5AE8} = {C6537317-4B66-427D-BFC6-2FC4FC6937E7}
		{EE86AB66-09DF-45EB-A42A-ED426AF3266E} = {8E00B911-43B2-49D5-9B4A-AB6E1ED097A1}
		{DB9A7788-5840-496C-AF13-6100450D9C32} = {EE86AB66-09DF-45EB-A42A-ED426AF3266E}
		{FC5F4BF1-6C86-45DC-93DA-78E380E20CD8} = {EE86AB66-09DF-45EB-A42A-ED426AF3266E}
		{492F5223-5828-4D61-AEBB-2C6241BF84F9} = {EE86AB66-09DF-45EB-A42A-ED426AF3266E}
		{673DD1A8-1AC7-4549-BAF3-1F1DAFD2FAF8} = {8E00B911-43B2-49D5-9B4A-AB6E1ED097A1}
		{A4C17041-161F-41D0-9E4E-60CF9D752152} = {673DD1A8-1AC7-4549-BAF3-1F1DAFD2FAF8}
		{0EF226C5-847E-48B1-B1EC-AF09067DB12F} = {673DD1A8-1AC7-4549-BAF3-1F1DAFD2FAF8}
		{47155299-1B16-46E9-8C5C-7974558E4CCD} = {673DD1A8-1AC7-4549-BAF3-1F1DAFD2FAF8}
		{4532B9CC-1245-486D-ACFB-0D190BB4EA2A} = {35A12F43-25FF-406A-8CCF-B203F688A791}
		{35A12F43-25FF-406A-8CCF-B203F688A791} = {8E00B911-43B2-49D5-9B4A-AB6E1ED097A1}
		{09ED5B36-D345-4D62-9F01-DC41168BCB35} = {35A12F43-25FF-406A-8CCF-B203F688A791}
		{CEB9F9FD-5E2A-49FB-AC14-2DEF01DC80B8} = {35A12F43-25FF-406A-8CCF-B203F688A791}
		{B5457423-3F41-4B5C-AD76-BED9A58FB12E} = {C6537317-4B66-427D-BFC6-2FC4FC6937E7}
	EndGlobalSection
	GlobalSection(ExtensibilityGlobals) = postSolution
		VisualSVNWorkingCopyRoot = .
	EndGlobalSection
EndGlobal
