
Microsoft Visual Studio Solution File, Format Version 12.00
# Visual Studio Express 14 for Windows Desktop
VisualStudioVersion = 14.0.25420.1
MinimumVisualStudioVersion = 10.0.40219.1
Project("{8BC9CEB8-8B4A-11D0-8D11-00A0C91BC942}") = "3FD", "3FD\3FD.vcxproj", "{CCC4A0A2-15FD-4A6E-AC6C-094AAAAEC80B}"
EndProject
Project("{8BC9CEB8-8B4A-11D0-8D11-00A0C91BC942}") = "UnitTests", "UnitTests\UnitTests.vcxproj", "{A657480D-D083-4C31-B499-42FF50481AC1}"
	ProjectSection(ProjectDependencies) = postProject
		{C8F6C172-56F2-4E76-B5FA-C3B423B31BE8} = {C8F6C172-56F2-4E76-B5FA-C3B423B31BE8}
		{CCC4A0A2-15FD-4A6E-AC6C-094AAAAEC80B} = {CCC4A0A2-15FD-4A6E-AC6C-094AAAAEC80B}
	EndProjectSection
EndProject
Project("{8BC9CEB8-8B4A-11D0-8D11-00A0C91BC942}") = "IntegrationTests", "IntegrationTests\IntegrationTests.vcxproj", "{B288E7DC-4F10-4432-8CB9-2061400F4E0C}"
	ProjectSection(ProjectDependencies) = postProject
		{CCC4A0A2-15FD-4A6E-AC6C-094AAAAEC80B} = {CCC4A0A2-15FD-4A6E-AC6C-094AAAAEC80B}
	EndProjectSection
EndProject
Project("{8BC9CEB8-8B4A-11D0-8D11-00A0C91BC942}") = "gtest-md", "gtest\msvc\gtest-md.vcxproj", "{C8F6C172-56F2-4E76-B5FA-C3B423B31BE8}"
EndProject
Project("{2150E333-8FDC-42A3-9474-1A3956D46DE8}") = "Testing", "Testing", "{8E00B911-43B2-49D5-9B4A-AB6E1ED097A1}"
EndProject
Project("{2150E333-8FDC-42A3-9474-1A3956D46DE8}") = "WinRT", "WinRT", "{EE86AB66-09DF-45EB-A42A-ED426AF3266E}"
EndProject
Project("{8BC9CEB8-8B4A-11D0-8D11-00A0C91BC942}") = "TestRpcClient", "TestRpcClient\TestRpcClient.vcxproj", "{6ADF3A4B-1E22-41BA-9293-96593E6A45BE}"
EndProject
Project("{8BC9CEB8-8B4A-11D0-8D11-00A0C91BC942}") = "TestWwsClient", "TestWwsClient\TestWwsClient.vcxproj", "{4913E097-136E-4BC4-BF8C-D3341FB1425A}"
EndProject
Project("{8BC9CEB8-8B4A-11D0-8D11-00A0C91BC942}") = "VideoTranscoder", "VideoTranscoder\VideoTranscoder.vcxproj", "{84D2D4D4-0A88-477D-B645-C972EEB97464}"
EndProject
Project("{2150E333-8FDC-42A3-9474-1A3956D46DE8}") = "Real Applications", "Real Applications", "{81644728-0859-4738-A153-9130F614BE9F}"
EndProject
Project("{8BC9CEB8-8B4A-11D0-8D11-00A0C91BC942}") = "ImageTranscoder", "ImageTranscoder\ImageTranscoder.vcxproj", "{78B91DF7-B30D-4479-BEBC-795C8617DC55}"
EndProject
Project("{8BC9CEB8-8B4A-11D0-8D11-00A0C91BC942}") = "MyImagingComsWinRT", "ImageTranscoder\MyImagingComsWinRT.vcxproj", "{EF5FD437-8033-4645-9977-D07323283556}"
EndProject
Project("{8BC9CEB8-8B4A-11D0-8D11-00A0C91BC942}") = "3FD.WinRT.UWP", "3FD\3FD.WinRT.UWP.vcxproj", "{793AC4E5-04FF-43C1-89F9-6D7212264A36}"
EndProject
Project("{8BC9CEB8-8B4A-11D0-8D11-00A0C91BC942}") = "gtest.WinRT.UWP", "gtest\WinRT.UWP\gtest.WinRT.UWP.vcxproj", "{B650C884-6640-4FEE-9C5B-62E4D84D9E0F}"
EndProject
Project("{8BC9CEB8-8B4A-11D0-8D11-00A0C91BC942}") = "UnitTestsApp.WinRT.UWP", "UnitTests\WinRT.UWP\UnitTestsApp.WinRT.UWP.vcxproj", "{AD508BAA-0192-4EDB-B1F5-23DC9CC2EC0C}"
EndProject
Project("{8BC9CEB8-8B4A-11D0-8D11-00A0C91BC942}") = "IntegrationTestsApp.WinRT.UWP", "IntegrationTests\WinRT.UWP\IntegrationTestsApp.WinRT.UWP.vcxproj", "{C427C362-4B09-4C3F-8578-F58521328DF0}"
EndProject
Project("{8BC9CEB8-8B4A-11D0-8D11-00A0C91BC942}") = "ImageTranscoderApp", "ImageTranscoderApp\ImageTranscoderApp.vcxproj", "{A751BAC6-864F-4500-B261-B88A465C7F89}"
EndProject
Global
	GlobalSection(SolutionConfigurationPlatforms) = preSolution
		Debug_XP|ARM = Debug_XP|ARM
		Debug_XP|x64 = Debug_XP|x64
		Debug_XP|x86 = Debug_XP|x86
		Debug|ARM = Debug|ARM
		Debug|x64 = Debug|x64
		Debug|x86 = Debug|x86
		Release_XP|ARM = Release_XP|ARM
		Release_XP|x64 = Release_XP|x64
		Release_XP|x86 = Release_XP|x86
		Release|ARM = Release|ARM
		Release|x64 = Release|x64
		Release|x86 = Release|x86
	EndGlobalSection
	GlobalSection(ProjectConfigurationPlatforms) = postSolution
		{CCC4A0A2-15FD-4A6E-AC6C-094AAAAEC80B}.Debug_XP|ARM.ActiveCfg = Debug_XP|Win32
		{CCC4A0A2-15FD-4A6E-AC6C-094AAAAEC80B}.Debug_XP|x64.ActiveCfg = Debug_XP|x64
		{CCC4A0A2-15FD-4A6E-AC6C-094AAAAEC80B}.Debug_XP|x64.Build.0 = Debug_XP|x64
		{CCC4A0A2-15FD-4A6E-AC6C-094AAAAEC80B}.Debug_XP|x86.ActiveCfg = Debug_XP|Win32
		{CCC4A0A2-15FD-4A6E-AC6C-094AAAAEC80B}.Debug_XP|x86.Build.0 = Debug_XP|Win32
		{CCC4A0A2-15FD-4A6E-AC6C-094AAAAEC80B}.Debug|ARM.ActiveCfg = Debug|Win32
		{CCC4A0A2-15FD-4A6E-AC6C-094AAAAEC80B}.Debug|x64.ActiveCfg = Debug|x64
		{CCC4A0A2-15FD-4A6E-AC6C-094AAAAEC80B}.Debug|x64.Build.0 = Debug|x64
		{CCC4A0A2-15FD-4A6E-AC6C-094AAAAEC80B}.Debug|x86.ActiveCfg = Debug|Win32
		{CCC4A0A2-15FD-4A6E-AC6C-094AAAAEC80B}.Debug|x86.Build.0 = Debug|Win32
		{CCC4A0A2-15FD-4A6E-AC6C-094AAAAEC80B}.Release_XP|ARM.ActiveCfg = Release_XP|Win32
		{CCC4A0A2-15FD-4A6E-AC6C-094AAAAEC80B}.Release_XP|x64.ActiveCfg = Release_XP|x64
		{CCC4A0A2-15FD-4A6E-AC6C-094AAAAEC80B}.Release_XP|x64.Build.0 = Release_XP|x64
		{CCC4A0A2-15FD-4A6E-AC6C-094AAAAEC80B}.Release_XP|x86.ActiveCfg = Release_XP|Win32
		{CCC4A0A2-15FD-4A6E-AC6C-094AAAAEC80B}.Release_XP|x86.Build.0 = Release_XP|Win32
		{CCC4A0A2-15FD-4A6E-AC6C-094AAAAEC80B}.Release|ARM.ActiveCfg = Release|Win32
		{CCC4A0A2-15FD-4A6E-AC6C-094AAAAEC80B}.Release|x64.ActiveCfg = Release|x64
		{CCC4A0A2-15FD-4A6E-AC6C-094AAAAEC80B}.Release|x64.Build.0 = Release|x64
		{CCC4A0A2-15FD-4A6E-AC6C-094AAAAEC80B}.Release|x86.ActiveCfg = Release|Win32
		{CCC4A0A2-15FD-4A6E-AC6C-094AAAAEC80B}.Release|x86.Build.0 = Release|Win32
		{A657480D-D083-4C31-B499-42FF50481AC1}.Debug_XP|ARM.ActiveCfg = Debug_XP|Win32
		{A657480D-D083-4C31-B499-42FF50481AC1}.Debug_XP|x64.ActiveCfg = Debug_XP|x64
		{A657480D-D083-4C31-B499-42FF50481AC1}.Debug_XP|x64.Build.0 = Debug_XP|x64
		{A657480D-D083-4C31-B499-42FF50481AC1}.Debug_XP|x86.ActiveCfg = Debug_XP|Win32
		{A657480D-D083-4C31-B499-42FF50481AC1}.Debug_XP|x86.Build.0 = Debug_XP|Win32
		{A657480D-D083-4C31-B499-42FF50481AC1}.Debug|ARM.ActiveCfg = Debug|Win32
		{A657480D-D083-4C31-B499-42FF50481AC1}.Debug|x64.ActiveCfg = Debug|x64
		{A657480D-D083-4C31-B499-42FF50481AC1}.Debug|x64.Build.0 = Debug|x64
		{A657480D-D083-4C31-B499-42FF50481AC1}.Debug|x86.ActiveCfg = Debug|Win32
		{A657480D-D083-4C31-B499-42FF50481AC1}.Debug|x86.Build.0 = Debug|Win32
		{A657480D-D083-4C31-B499-42FF50481AC1}.Release_XP|ARM.ActiveCfg = Release_XP|Win32
		{A657480D-D083-4C31-B499-42FF50481AC1}.Release_XP|x64.ActiveCfg = Release_XP|x64
		{A657480D-D083-4C31-B499-42FF50481AC1}.Release_XP|x64.Build.0 = Release_XP|x64
		{A657480D-D083-4C31-B499-42FF50481AC1}.Release_XP|x86.ActiveCfg = Release_XP|Win32
		{A657480D-D083-4C31-B499-42FF50481AC1}.Release_XP|x86.Build.0 = Release_XP|Win32
		{A657480D-D083-4C31-B499-42FF50481AC1}.Release|ARM.ActiveCfg = Release|Win32
		{A657480D-D083-4C31-B499-42FF50481AC1}.Release|x64.ActiveCfg = Release|x64
		{A657480D-D083-4C31-B499-42FF50481AC1}.Release|x64.Build.0 = Release|x64
		{A657480D-D083-4C31-B499-42FF50481AC1}.Release|x86.ActiveCfg = Release|Win32
		{A657480D-D083-4C31-B499-42FF50481AC1}.Release|x86.Build.0 = Release|Win32
		{B288E7DC-4F10-4432-8CB9-2061400F4E0C}.Debug_XP|ARM.ActiveCfg = Debug_XP|Win32
		{B288E7DC-4F10-4432-8CB9-2061400F4E0C}.Debug_XP|x64.ActiveCfg = Debug_XP|x64
		{B288E7DC-4F10-4432-8CB9-2061400F4E0C}.Debug_XP|x64.Build.0 = Debug_XP|x64
		{B288E7DC-4F10-4432-8CB9-2061400F4E0C}.Debug_XP|x86.ActiveCfg = Debug_XP|Win32
		{B288E7DC-4F10-4432-8CB9-2061400F4E0C}.Debug_XP|x86.Build.0 = Debug_XP|Win32
		{B288E7DC-4F10-4432-8CB9-2061400F4E0C}.Debug|ARM.ActiveCfg = Debug|Win32
		{B288E7DC-4F10-4432-8CB9-2061400F4E0C}.Debug|x64.ActiveCfg = Debug|x64
		{B288E7DC-4F10-4432-8CB9-2061400F4E0C}.Debug|x64.Build.0 = Debug|x64
		{B288E7DC-4F10-4432-8CB9-2061400F4E0C}.Debug|x86.ActiveCfg = Debug|Win32
		{B288E7DC-4F10-4432-8CB9-2061400F4E0C}.Debug|x86.Build.0 = Debug|Win32
		{B288E7DC-4F10-4432-8CB9-2061400F4E0C}.Release_XP|ARM.ActiveCfg = Release_XP|Win32
		{B288E7DC-4F10-4432-8CB9-2061400F4E0C}.Release_XP|x64.ActiveCfg = Release_XP|x64
		{B288E7DC-4F10-4432-8CB9-2061400F4E0C}.Release_XP|x64.Build.0 = Release_XP|x64
		{B288E7DC-4F10-4432-8CB9-2061400F4E0C}.Release_XP|x86.ActiveCfg = Release_XP|Win32
		{B288E7DC-4F10-4432-8CB9-2061400F4E0C}.Release_XP|x86.Build.0 = Release_XP|Win32
		{B288E7DC-4F10-4432-8CB9-2061400F4E0C}.Release|ARM.ActiveCfg = Release|Win32
		{B288E7DC-4F10-4432-8CB9-2061400F4E0C}.Release|x64.ActiveCfg = Release|x64
		{B288E7DC-4F10-4432-8CB9-2061400F4E0C}.Release|x64.Build.0 = Release|x64
		{B288E7DC-4F10-4432-8CB9-2061400F4E0C}.Release|x86.ActiveCfg = Release|Win32
		{B288E7DC-4F10-4432-8CB9-2061400F4E0C}.Release|x86.Build.0 = Release|Win32
		{C8F6C172-56F2-4E76-B5FA-C3B423B31BE8}.Debug_XP|ARM.ActiveCfg = Debug_XP|Win32
		{C8F6C172-56F2-4E76-B5FA-C3B423B31BE8}.Debug_XP|x64.ActiveCfg = Debug_XP|x64
		{C8F6C172-56F2-4E76-B5FA-C3B423B31BE8}.Debug_XP|x64.Build.0 = Debug_XP|x64
		{C8F6C172-56F2-4E76-B5FA-C3B423B31BE8}.Debug_XP|x86.ActiveCfg = Debug_XP|Win32
		{C8F6C172-56F2-4E76-B5FA-C3B423B31BE8}.Debug_XP|x86.Build.0 = Debug_XP|Win32
		{C8F6C172-56F2-4E76-B5FA-C3B423B31BE8}.Debug|ARM.ActiveCfg = Debug|Win32
		{C8F6C172-56F2-4E76-B5FA-C3B423B31BE8}.Debug|x64.ActiveCfg = Debug|x64
		{C8F6C172-56F2-4E76-B5FA-C3B423B31BE8}.Debug|x64.Build.0 = Debug|x64
		{C8F6C172-56F2-4E76-B5FA-C3B423B31BE8}.Debug|x86.ActiveCfg = Debug|Win32
		{C8F6C172-56F2-4E76-B5FA-C3B423B31BE8}.Debug|x86.Build.0 = Debug|Win32
		{C8F6C172-56F2-4E76-B5FA-C3B423B31BE8}.Release_XP|ARM.ActiveCfg = Release_XP|Win32
		{C8F6C172-56F2-4E76-B5FA-C3B423B31BE8}.Release_XP|x64.ActiveCfg = Release_XP|x64
		{C8F6C172-56F2-4E76-B5FA-C3B423B31BE8}.Release_XP|x64.Build.0 = Release_XP|x64
		{C8F6C172-56F2-4E76-B5FA-C3B423B31BE8}.Release_XP|x86.ActiveCfg = Release_XP|Win32
		{C8F6C172-56F2-4E76-B5FA-C3B423B31BE8}.Release_XP|x86.Build.0 = Release_XP|Win32
		{C8F6C172-56F2-4E76-B5FA-C3B423B31BE8}.Release|ARM.ActiveCfg = Release|Win32
		{C8F6C172-56F2-4E76-B5FA-C3B423B31BE8}.Release|x64.ActiveCfg = Release|x64
		{C8F6C172-56F2-4E76-B5FA-C3B423B31BE8}.Release|x64.Build.0 = Release|x64
		{C8F6C172-56F2-4E76-B5FA-C3B423B31BE8}.Release|x86.ActiveCfg = Release|Win32
		{C8F6C172-56F2-4E76-B5FA-C3B423B31BE8}.Release|x86.Build.0 = Release|Win32
		{6ADF3A4B-1E22-41BA-9293-96593E6A45BE}.Debug_XP|ARM.ActiveCfg = Debug_XP|Win32
		{6ADF3A4B-1E22-41BA-9293-96593E6A45BE}.Debug_XP|x64.ActiveCfg = Debug_XP|x64
		{6ADF3A4B-1E22-41BA-9293-96593E6A45BE}.Debug_XP|x64.Build.0 = Debug_XP|x64
		{6ADF3A4B-1E22-41BA-9293-96593E6A45BE}.Debug_XP|x86.ActiveCfg = Debug_XP|Win32
		{6ADF3A4B-1E22-41BA-9293-96593E6A45BE}.Debug_XP|x86.Build.0 = Debug_XP|Win32
		{6ADF3A4B-1E22-41BA-9293-96593E6A45BE}.Debug|ARM.ActiveCfg = Debug|Win32
		{6ADF3A4B-1E22-41BA-9293-96593E6A45BE}.Debug|x64.ActiveCfg = Debug|x64
		{6ADF3A4B-1E22-41BA-9293-96593E6A45BE}.Debug|x64.Build.0 = Debug|x64
		{6ADF3A4B-1E22-41BA-9293-96593E6A45BE}.Debug|x86.ActiveCfg = Debug|Win32
		{6ADF3A4B-1E22-41BA-9293-96593E6A45BE}.Debug|x86.Build.0 = Debug|Win32
		{6ADF3A4B-1E22-41BA-9293-96593E6A45BE}.Release_XP|ARM.ActiveCfg = Release_XP|Win32
		{6ADF3A4B-1E22-41BA-9293-96593E6A45BE}.Release_XP|x64.ActiveCfg = Release_XP|x64
		{6ADF3A4B-1E22-41BA-9293-96593E6A45BE}.Release_XP|x64.Build.0 = Release_XP|x64
		{6ADF3A4B-1E22-41BA-9293-96593E6A45BE}.Release_XP|x86.ActiveCfg = Release_XP|Win32
		{6ADF3A4B-1E22-41BA-9293-96593E6A45BE}.Release_XP|x86.Build.0 = Release_XP|Win32
		{6ADF3A4B-1E22-41BA-9293-96593E6A45BE}.Release|ARM.ActiveCfg = Release|Win32
		{6ADF3A4B-1E22-41BA-9293-96593E6A45BE}.Release|x64.ActiveCfg = Release|x64
		{6ADF3A4B-1E22-41BA-9293-96593E6A45BE}.Release|x64.Build.0 = Release|x64
		{6ADF3A4B-1E22-41BA-9293-96593E6A45BE}.Release|x86.ActiveCfg = Release|Win32
		{6ADF3A4B-1E22-41BA-9293-96593E6A45BE}.Release|x86.Build.0 = Release|Win32
		{4913E097-136E-4BC4-BF8C-D3341FB1425A}.Debug_XP|ARM.ActiveCfg = Debug_XP|Win32
		{4913E097-136E-4BC4-BF8C-D3341FB1425A}.Debug_XP|x64.ActiveCfg = Debug_XP|x64
		{4913E097-136E-4BC4-BF8C-D3341FB1425A}.Debug_XP|x64.Build.0 = Debug_XP|x64
		{4913E097-136E-4BC4-BF8C-D3341FB1425A}.Debug_XP|x86.ActiveCfg = Debug_XP|Win32
		{4913E097-136E-4BC4-BF8C-D3341FB1425A}.Debug_XP|x86.Build.0 = Debug_XP|Win32
		{4913E097-136E-4BC4-BF8C-D3341FB1425A}.Debug|ARM.ActiveCfg = Debug|Win32
		{4913E097-136E-4BC4-BF8C-D3341FB1425A}.Debug|x64.ActiveCfg = Debug|x64
		{4913E097-136E-4BC4-BF8C-D3341FB1425A}.Debug|x64.Build.0 = Debug|x64
		{4913E097-136E-4BC4-BF8C-D3341FB1425A}.Debug|x86.ActiveCfg = Debug|Win32
		{4913E097-136E-4BC4-BF8C-D3341FB1425A}.Debug|x86.Build.0 = Debug|Win32
		{4913E097-136E-4BC4-BF8C-D3341FB1425A}.Release_XP|ARM.ActiveCfg = Release_XP|Win32
		{4913E097-136E-4BC4-BF8C-D3341FB1425A}.Release_XP|x64.ActiveCfg = Release_XP|x64
		{4913E097-136E-4BC4-BF8C-D3341FB1425A}.Release_XP|x64.Build.0 = Release_XP|x64
		{4913E097-136E-4BC4-BF8C-D3341FB1425A}.Release_XP|x86.ActiveCfg = Release_XP|Win32
		{4913E097-136E-4BC4-BF8C-D3341FB1425A}.Release_XP|x86.Build.0 = Release_XP|Win32
		{4913E097-136E-4BC4-BF8C-D3341FB1425A}.Release|ARM.ActiveCfg = Release|Win32
		{4913E097-136E-4BC4-BF8C-D3341FB1425A}.Release|x64.ActiveCfg = Release|x64
		{4913E097-136E-4BC4-BF8C-D3341FB1425A}.Release|x64.Build.0 = Release|x64
		{4913E097-136E-4BC4-BF8C-D3341FB1425A}.Release|x86.ActiveCfg = Release|Win32
		{4913E097-136E-4BC4-BF8C-D3341FB1425A}.Release|x86.Build.0 = Release|Win32
		{84D2D4D4-0A88-477D-B645-C972EEB97464}.Debug_XP|ARM.ActiveCfg = Release|x64
		{84D2D4D4-0A88-477D-B645-C972EEB97464}.Debug_XP|x64.ActiveCfg = Release|x64
		{84D2D4D4-0A88-477D-B645-C972EEB97464}.Debug_XP|x86.ActiveCfg = Release|x64
		{84D2D4D4-0A88-477D-B645-C972EEB97464}.Debug|ARM.ActiveCfg = Debug|x64
		{84D2D4D4-0A88-477D-B645-C972EEB97464}.Debug|x64.ActiveCfg = Debug|x64
		{84D2D4D4-0A88-477D-B645-C972EEB97464}.Debug|x64.Build.0 = Debug|x64
		{84D2D4D4-0A88-477D-B645-C972EEB97464}.Debug|x86.ActiveCfg = Debug|x64
		{84D2D4D4-0A88-477D-B645-C972EEB97464}.Release_XP|ARM.ActiveCfg = Release|x64
		{84D2D4D4-0A88-477D-B645-C972EEB97464}.Release_XP|x64.ActiveCfg = Release|x64
		{84D2D4D4-0A88-477D-B645-C972EEB97464}.Release_XP|x86.ActiveCfg = Release|x64
		{84D2D4D4-0A88-477D-B645-C972EEB97464}.Release|ARM.ActiveCfg = Release|x64
		{84D2D4D4-0A88-477D-B645-C972EEB97464}.Release|x64.ActiveCfg = Release|x64
		{84D2D4D4-0A88-477D-B645-C972EEB97464}.Release|x64.Build.0 = Release|x64
		{84D2D4D4-0A88-477D-B645-C972EEB97464}.Release|x86.ActiveCfg = Release|x64
		{78B91DF7-B30D-4479-BEBC-795C8617DC55}.Debug_XP|ARM.ActiveCfg = Release|x64
		{78B91DF7-B30D-4479-BEBC-795C8617DC55}.Debug_XP|x64.ActiveCfg = Release|x64
		{78B91DF7-B30D-4479-BEBC-795C8617DC55}.Debug_XP|x86.ActiveCfg = Release|x64
		{78B91DF7-B30D-4479-BEBC-795C8617DC55}.Debug|ARM.ActiveCfg = Debug|x64
		{78B91DF7-B30D-4479-BEBC-795C8617DC55}.Debug|x64.ActiveCfg = Debug|x64
		{78B91DF7-B30D-4479-BEBC-795C8617DC55}.Debug|x64.Build.0 = Debug|x64
		{78B91DF7-B30D-4479-BEBC-795C8617DC55}.Debug|x86.ActiveCfg = Debug|x64
		{78B91DF7-B30D-4479-BEBC-795C8617DC55}.Release_XP|ARM.ActiveCfg = Release|x64
		{78B91DF7-B30D-4479-BEBC-795C8617DC55}.Release_XP|x64.ActiveCfg = Release|x64
		{78B91DF7-B30D-4479-BEBC-795C8617DC55}.Release_XP|x86.ActiveCfg = Release|x64
		{78B91DF7-B30D-4479-BEBC-795C8617DC55}.Release|ARM.ActiveCfg = Release|x64
		{78B91DF7-B30D-4479-BEBC-795C8617DC55}.Release|x64.ActiveCfg = Release|x64
		{78B91DF7-B30D-4479-BEBC-795C8617DC55}.Release|x64.Build.0 = Release|x64
		{78B91DF7-B30D-4479-BEBC-795C8617DC55}.Release|x86.ActiveCfg = Release|x64
		{EF5FD437-8033-4645-9977-D07323283556}.Debug_XP|ARM.ActiveCfg = Debug|ARM
		{EF5FD437-8033-4645-9977-D07323283556}.Debug_XP|x64.ActiveCfg = Debug|x64
		{EF5FD437-8033-4645-9977-D07323283556}.Debug_XP|x86.ActiveCfg = Debug|Win32
		{EF5FD437-8033-4645-9977-D07323283556}.Debug|ARM.ActiveCfg = Debug|ARM
		{EF5FD437-8033-4645-9977-D07323283556}.Debug|ARM.Build.0 = Debug|ARM
		{EF5FD437-8033-4645-9977-D07323283556}.Debug|x64.ActiveCfg = Debug|x64
		{EF5FD437-8033-4645-9977-D07323283556}.Debug|x64.Build.0 = Debug|x64
		{EF5FD437-8033-4645-9977-D07323283556}.Debug|x86.ActiveCfg = Debug|Win32
		{EF5FD437-8033-4645-9977-D07323283556}.Debug|x86.Build.0 = Debug|Win32
		{EF5FD437-8033-4645-9977-D07323283556}.Release_XP|ARM.ActiveCfg = Release|ARM
		{EF5FD437-8033-4645-9977-D07323283556}.Release_XP|x64.ActiveCfg = Release|x64
		{EF5FD437-8033-4645-9977-D07323283556}.Release_XP|x86.ActiveCfg = Release|Win32
		{EF5FD437-8033-4645-9977-D07323283556}.Release|ARM.ActiveCfg = Release|ARM
		{EF5FD437-8033-4645-9977-D07323283556}.Release|ARM.Build.0 = Release|ARM
		{EF5FD437-8033-4645-9977-D07323283556}.Release|x64.ActiveCfg = Release|x64
		{EF5FD437-8033-4645-9977-D07323283556}.Release|x64.Build.0 = Release|x64
		{EF5FD437-8033-4645-9977-D07323283556}.Release|x86.ActiveCfg = Release|Win32
		{EF5FD437-8033-4645-9977-D07323283556}.Release|x86.Build.0 = Release|Win32
		{793AC4E5-04FF-43C1-89F9-6D7212264A36}.Debug_XP|ARM.ActiveCfg = Debug|ARM
		{793AC4E5-04FF-43C1-89F9-6D7212264A36}.Debug_XP|x64.ActiveCfg = Debug|x64
		{793AC4E5-04FF-43C1-89F9-6D7212264A36}.Debug_XP|x86.ActiveCfg = Debug|Win32
		{793AC4E5-04FF-43C1-89F9-6D7212264A36}.Debug|ARM.ActiveCfg = Debug|ARM
		{793AC4E5-04FF-43C1-89F9-6D7212264A36}.Debug|ARM.Build.0 = Debug|ARM
		{793AC4E5-04FF-43C1-89F9-6D7212264A36}.Debug|x64.ActiveCfg = Debug|x64
		{793AC4E5-04FF-43C1-89F9-6D7212264A36}.Debug|x64.Build.0 = Debug|x64
		{793AC4E5-04FF-43C1-89F9-6D7212264A36}.Debug|x86.ActiveCfg = Debug|Win32
		{793AC4E5-04FF-43C1-89F9-6D7212264A36}.Debug|x86.Build.0 = Debug|Win32
		{793AC4E5-04FF-43C1-89F9-6D7212264A36}.Release_XP|ARM.ActiveCfg = Release|ARM
		{793AC4E5-04FF-43C1-89F9-6D7212264A36}.Release_XP|x64.ActiveCfg = Release|x64
		{793AC4E5-04FF-43C1-89F9-6D7212264A36}.Release_XP|x86.ActiveCfg = Release|Win32
		{793AC4E5-04FF-43C1-89F9-6D7212264A36}.Release|ARM.ActiveCfg = Release|ARM
		{793AC4E5-04FF-43C1-89F9-6D7212264A36}.Release|ARM.Build.0 = Release|ARM
		{793AC4E5-04FF-43C1-89F9-6D7212264A36}.Release|x64.ActiveCfg = Release|x64
		{793AC4E5-04FF-43C1-89F9-6D7212264A36}.Release|x64.Build.0 = Release|x64
		{793AC4E5-04FF-43C1-89F9-6D7212264A36}.Release|x86.ActiveCfg = Release|Win32
		{793AC4E5-04FF-43C1-89F9-6D7212264A36}.Release|x86.Build.0 = Release|Win32
		{B650C884-6640-4FEE-9C5B-62E4D84D9E0F}.Debug_XP|ARM.ActiveCfg = Debug|ARM
		{B650C884-6640-4FEE-9C5B-62E4D84D9E0F}.Debug_XP|x64.ActiveCfg = Debug|x64
		{B650C884-6640-4FEE-9C5B-62E4D84D9E0F}.Debug_XP|x86.ActiveCfg = Debug|Win32
		{B650C884-6640-4FEE-9C5B-62E4D84D9E0F}.Debug|ARM.ActiveCfg = Debug|ARM
		{B650C884-6640-4FEE-9C5B-62E4D84D9E0F}.Debug|ARM.Build.0 = Debug|ARM
		{B650C884-6640-4FEE-9C5B-62E4D84D9E0F}.Debug|x64.ActiveCfg = Debug|x64
		{B650C884-6640-4FEE-9C5B-62E4D84D9E0F}.Debug|x64.Build.0 = Debug|x64
		{B650C884-6640-4FEE-9C5B-62E4D84D9E0F}.Debug|x86.ActiveCfg = Debug|Win32
		{B650C884-6640-4FEE-9C5B-62E4D84D9E0F}.Debug|x86.Build.0 = Debug|Win32
		{B650C884-6640-4FEE-9C5B-62E4D84D9E0F}.Release_XP|ARM.ActiveCfg = Release|ARM
		{B650C884-6640-4FEE-9C5B-62E4D84D9E0F}.Release_XP|x64.ActiveCfg = Release|x64
		{B650C884-6640-4FEE-9C5B-62E4D84D9E0F}.Release_XP|x86.ActiveCfg = Release|Win32
		{B650C884-6640-4FEE-9C5B-62E4D84D9E0F}.Release|ARM.ActiveCfg = Release|ARM
		{B650C884-6640-4FEE-9C5B-62E4D84D9E0F}.Release|ARM.Build.0 = Release|ARM
		{B650C884-6640-4FEE-9C5B-62E4D84D9E0F}.Release|x64.ActiveCfg = Release|x64
		{B650C884-6640-4FEE-9C5B-62E4D84D9E0F}.Release|x64.Build.0 = Release|x64
		{B650C884-6640-4FEE-9C5B-62E4D84D9E0F}.Release|x86.ActiveCfg = Release|Win32
		{B650C884-6640-4FEE-9C5B-62E4D84D9E0F}.Release|x86.Build.0 = Release|Win32
		{AD508BAA-0192-4EDB-B1F5-23DC9CC2EC0C}.Debug_XP|ARM.ActiveCfg = Debug|ARM
		{AD508BAA-0192-4EDB-B1F5-23DC9CC2EC0C}.Debug_XP|x64.ActiveCfg = Debug|x64
		{AD508BAA-0192-4EDB-B1F5-23DC9CC2EC0C}.Debug_XP|x86.ActiveCfg = Debug|Win32
		{AD508BAA-0192-4EDB-B1F5-23DC9CC2EC0C}.Debug|ARM.ActiveCfg = Debug|ARM
		{AD508BAA-0192-4EDB-B1F5-23DC9CC2EC0C}.Debug|ARM.Build.0 = Debug|ARM
		{AD508BAA-0192-4EDB-B1F5-23DC9CC2EC0C}.Debug|ARM.Deploy.0 = Debug|ARM
		{AD508BAA-0192-4EDB-B1F5-23DC9CC2EC0C}.Debug|x64.ActiveCfg = Debug|x64
		{AD508BAA-0192-4EDB-B1F5-23DC9CC2EC0C}.Debug|x64.Build.0 = Debug|x64
		{AD508BAA-0192-4EDB-B1F5-23DC9CC2EC0C}.Debug|x86.ActiveCfg = Debug|Win32
		{AD508BAA-0192-4EDB-B1F5-23DC9CC2EC0C}.Debug|x86.Build.0 = Debug|Win32
		{AD508BAA-0192-4EDB-B1F5-23DC9CC2EC0C}.Release_XP|ARM.ActiveCfg = Release|ARM
		{AD508BAA-0192-4EDB-B1F5-23DC9CC2EC0C}.Release_XP|x64.ActiveCfg = Release|x64
		{AD508BAA-0192-4EDB-B1F5-23DC9CC2EC0C}.Release_XP|x86.ActiveCfg = Release|Win32
		{AD508BAA-0192-4EDB-B1F5-23DC9CC2EC0C}.Release|ARM.ActiveCfg = Release|ARM
		{AD508BAA-0192-4EDB-B1F5-23DC9CC2EC0C}.Release|ARM.Build.0 = Release|ARM
		{AD508BAA-0192-4EDB-B1F5-23DC9CC2EC0C}.Release|ARM.Deploy.0 = Release|ARM
		{AD508BAA-0192-4EDB-B1F5-23DC9CC2EC0C}.Release|x64.ActiveCfg = Release|x64
		{AD508BAA-0192-4EDB-B1F5-23DC9CC2EC0C}.Release|x64.Build.0 = Release|x64
		{AD508BAA-0192-4EDB-B1F5-23DC9CC2EC0C}.Release|x64.Deploy.0 = Release|x64
		{AD508BAA-0192-4EDB-B1F5-23DC9CC2EC0C}.Release|x86.ActiveCfg = Release|Win32
		{AD508BAA-0192-4EDB-B1F5-23DC9CC2EC0C}.Release|x86.Build.0 = Release|Win32
		{C427C362-4B09-4C3F-8578-F58521328DF0}.Debug_XP|ARM.ActiveCfg = Debug|ARM
		{C427C362-4B09-4C3F-8578-F58521328DF0}.Debug_XP|x64.ActiveCfg = Debug|x64
		{C427C362-4B09-4C3F-8578-F58521328DF0}.Debug_XP|x86.ActiveCfg = Debug|Win32
		{C427C362-4B09-4C3F-8578-F58521328DF0}.Debug|ARM.ActiveCfg = Debug|ARM
		{C427C362-4B09-4C3F-8578-F58521328DF0}.Debug|ARM.Build.0 = Debug|ARM
		{C427C362-4B09-4C3F-8578-F58521328DF0}.Debug|ARM.Deploy.0 = Debug|ARM
		{C427C362-4B09-4C3F-8578-F58521328DF0}.Debug|x64.ActiveCfg = Debug|x64
		{C427C362-4B09-4C3F-8578-F58521328DF0}.Debug|x64.Build.0 = Debug|x64
		{C427C362-4B09-4C3F-8578-F58521328DF0}.Debug|x86.ActiveCfg = Debug|Win32
		{C427C362-4B09-4C3F-8578-F58521328DF0}.Debug|x86.Build.0 = Debug|Win32
		{C427C362-4B09-4C3F-8578-F58521328DF0}.Release_XP|ARM.ActiveCfg = Release|ARM
		{C427C362-4B09-4C3F-8578-F58521328DF0}.Release_XP|x64.ActiveCfg = Release|x64
		{C427C362-4B09-4C3F-8578-F58521328DF0}.Release_XP|x86.ActiveCfg = Release|Win32
		{C427C362-4B09-4C3F-8578-F58521328DF0}.Release|ARM.ActiveCfg = Release|ARM
		{C427C362-4B09-4C3F-8578-F58521328DF0}.Release|ARM.Build.0 = Release|ARM
		{C427C362-4B09-4C3F-8578-F58521328DF0}.Release|ARM.Deploy.0 = Release|ARM
		{C427C362-4B09-4C3F-8578-F58521328DF0}.Release|x64.ActiveCfg = Release|x64
		{C427C362-4B09-4C3F-8578-F58521328DF0}.Release|x64.Build.0 = Release|x64
		{C427C362-4B09-4C3F-8578-F58521328DF0}.Release|x64.Deploy.0 = Release|x64
		{C427C362-4B09-4C3F-8578-F58521328DF0}.Release|x86.ActiveCfg = Release|Win32
		{C427C362-4B09-4C3F-8578-F58521328DF0}.Release|x86.Build.0 = Release|Win32
		{A751BAC6-864F-4500-B261-B88A465C7F89}.Debug_XP|ARM.ActiveCfg = Debug|ARM
		{A751BAC6-864F-4500-B261-B88A465C7F89}.Debug_XP|x64.ActiveCfg = Debug|x64
		{A751BAC6-864F-4500-B261-B88A465C7F89}.Debug_XP|x86.ActiveCfg = Debug|Win32
		{A751BAC6-864F-4500-B261-B88A465C7F89}.Debug|ARM.ActiveCfg = Debug|ARM
		{A751BAC6-864F-4500-B261-B88A465C7F89}.Debug|ARM.Build.0 = Debug|ARM
		{A751BAC6-864F-4500-B261-B88A465C7F89}.Debug|ARM.Deploy.0 = Debug|ARM
		{A751BAC6-864F-4500-B261-B88A465C7F89}.Debug|x64.ActiveCfg = Debug|x64
		{A751BAC6-864F-4500-B261-B88A465C7F89}.Debug|x64.Build.0 = Debug|x64
		{A751BAC6-864F-4500-B261-B88A465C7F89}.Debug|x86.ActiveCfg = Debug|Win32
		{A751BAC6-864F-4500-B261-B88A465C7F89}.Debug|x86.Build.0 = Debug|Win32
		{A751BAC6-864F-4500-B261-B88A465C7F89}.Release_XP|ARM.ActiveCfg = Release|ARM
		{A751BAC6-864F-4500-B261-B88A465C7F89}.Release_XP|x64.ActiveCfg = Release|x64
		{A751BAC6-864F-4500-B261-B88A465C7F89}.Release_XP|x86.ActiveCfg = Release|Win32
		{A751BAC6-864F-4500-B261-B88A465C7F89}.Release|ARM.ActiveCfg = Release|ARM
		{A751BAC6-864F-4500-B261-B88A465C7F89}.Release|ARM.Build.0 = Release|ARM
		{A751BAC6-864F-4500-B261-B88A465C7F89}.Release|ARM.Deploy.0 = Release|ARM
		{A751BAC6-864F-4500-B261-B88A465C7F89}.Release|x64.ActiveCfg = Release|x64
		{A751BAC6-864F-4500-B261-B88A465C7F89}.Release|x64.Build.0 = Release|x64
		{A751BAC6-864F-4500-B261-B88A465C7F89}.Release|x64.Deploy.0 = Release|x64
		{A751BAC6-864F-4500-B261-B88A465C7F89}.Release|x86.ActiveCfg = Release|Win32
		{A751BAC6-864F-4500-B261-B88A465C7F89}.Release|x86.Build.0 = Release|Win32
	EndGlobalSection
	GlobalSection(SolutionProperties) = preSolution
		HideSolutionNode = FALSE
	EndGlobalSection
	GlobalSection(NestedProjects) = preSolution
		{A657480D-D083-4C31-B499-42FF50481AC1} = {8E00B911-43B2-49D5-9B4A-AB6E1ED097A1}
		{B288E7DC-4F10-4432-8CB9-2061400F4E0C} = {8E00B911-43B2-49D5-9B4A-AB6E1ED097A1}
		{C8F6C172-56F2-4E76-B5FA-C3B423B31BE8} = {8E00B911-43B2-49D5-9B4A-AB6E1ED097A1}
		{EE86AB66-09DF-45EB-A42A-ED426AF3266E} = {8E00B911-43B2-49D5-9B4A-AB6E1ED097A1}
		{6ADF3A4B-1E22-41BA-9293-96593E6A45BE} = {8E00B911-43B2-49D5-9B4A-AB6E1ED097A1}
		{4913E097-136E-4BC4-BF8C-D3341FB1425A} = {8E00B911-43B2-49D5-9B4A-AB6E1ED097A1}
		{84D2D4D4-0A88-477D-B645-C972EEB97464} = {81644728-0859-4738-A153-9130F614BE9F}
		{78B91DF7-B30D-4479-BEBC-795C8617DC55} = {81644728-0859-4738-A153-9130F614BE9F}
		{EF5FD437-8033-4645-9977-D07323283556} = {81644728-0859-4738-A153-9130F614BE9F}
		{B650C884-6640-4FEE-9C5B-62E4D84D9E0F} = {EE86AB66-09DF-45EB-A42A-ED426AF3266E}
		{AD508BAA-0192-4EDB-B1F5-23DC9CC2EC0C} = {EE86AB66-09DF-45EB-A42A-ED426AF3266E}
		{C427C362-4B09-4C3F-8578-F58521328DF0} = {EE86AB66-09DF-45EB-A42A-ED426AF3266E}
		{A751BAC6-864F-4500-B261-B88A465C7F89} = {81644728-0859-4738-A153-9130F614BE9F}
	EndGlobalSection
	GlobalSection(ExtensibilityGlobals) = postSolution
		VisualSVNWorkingCopyRoot = .
	EndGlobalSection
EndGlobal
