
Microsoft Visual Studio Solution File, Format Version 12.00
# Visual Studio 15
VisualStudioVersion = 15.0.28010.2036
MinimumVisualStudioVersion = 10.0.40219.1
Project("{8BC9CEB8-8B4A-11D0-8D11-00A0C91BC942}") = "3FD", "3FD\LinuxPort.vcxproj", "{D1D312A9-5537-44D4-BF9F-565186B28FA8}"
EndProject
Project("{8BC9CEB8-8B4A-11D0-8D11-00A0C91BC942}") = "UnitTests", "UnitTests\LinuxPort.vcxproj", "{57236594-6888-4F33-8B9E-AB72A5D802A7}"
EndProject
Project("{8BC9CEB8-8B4A-11D0-8D11-00A0C91BC942}") = "IntegrationTests", "IntegrationTests\LinuxPort.vcxproj", "{4E2A49F4-6493-4250-ABA2-E09F63DD4862}"
EndProject
Global
	GlobalSection(SolutionConfigurationPlatforms) = preSolution
		Debug|x64 = Debug|x64
		Release|x64 = Release|x64
	EndGlobalSection
	GlobalSection(ProjectConfigurationPlatforms) = postSolution
		{D1D312A9-5537-44D4-BF9F-565186B28FA8}.Debug|x64.ActiveCfg = Debug|x64
		{D1D312A9-5537-44D4-BF9F-565186B28FA8}.Debug|x64.Build.0 = Debug|x64
		{D1D312A9-5537-44D4-BF9F-565186B28FA8}.Release|x64.ActiveCfg = Release|x64
		{D1D312A9-5537-44D4-BF9F-565186B28FA8}.Release|x64.Build.0 = Release|x64
		{57236594-6888-4F33-8B9E-AB72A5D802A7}.Debug|x64.ActiveCfg = Debug|x64
		{57236594-6888-4F33-8B9E-AB72A5D802A7}.Debug|x64.Build.0 = Debug|x64
		{57236594-6888-4F33-8B9E-AB72A5D802A7}.Release|x64.ActiveCfg = Release|x64
		{57236594-6888-4F33-8B9E-AB72A5D802A7}.Release|x64.Build.0 = Release|x64
		{4E2A49F4-6493-4250-ABA2-E09F63DD4862}.Debug|x64.ActiveCfg = Debug|x64
		{4E2A49F4-6493-4250-ABA2-E09F63DD4862}.Debug|x64.Build.0 = Debug|x64
		{4E2A49F4-6493-4250-ABA2-E09F63DD4862}.Release|x64.ActiveCfg = Release|x64
		{4E2A49F4-6493-4250-ABA2-E09F63DD4862}.Release|x64.Build.0 = Release|x64
	EndGlobalSection
	GlobalSection(SolutionProperties) = preSolution
		HideSolutionNode = FALSE
	EndGlobalSection
	GlobalSection(ExtensibilityGlobals) = postSolution
		SolutionGuid = {9C37AF26-9197-452B-B4D6-F8262246FFDD}
	EndGlobalSection
EndGlobal
