<?xml version="1.0" encoding="utf-8"?>
<Project ToolsVersion="4.0" xmlns="http://schemas.microsoft.com/developer/msbuild/2003">
  <ItemGroup>
    <Filter Include="Quelldateien">
      <UniqueIdentifier>{4FC737F1-C7A5-4376-A066-2A32D752A2FF}</UniqueIdentifier>
      <Extensions>cpp;c;cc;cxx;def;odl;idl;hpj;bat;asm;asmx</Extensions>
    </Filter>
    <Filter Include="Ressourcendateien">
      <UniqueIdentifier>{67DA6AB6-F800-4c08-8B7A-83BB121AAD01}</UniqueIdentifier>
      <Extensions>rc;ico;cur;bmp;dlg;rc2;rct;bin;rgs;gif;jpg;jpeg;jpe;resx;tiff;tif;png;wav;mfcribbon-ms</Extensions>
    </Filter>
    <Filter Include="pch">
      <UniqueIdentifier>{5559c76b-a3dc-4385-9872-c0367b24685f}</UniqueIdentifier>
    </Filter>
  </ItemGroup>
  <ItemGroup>
    <ClCompile Include="pch.cpp">
      <Filter>pch</Filter>
    </ClCompile>
    <ClCompile Include="opencl_impl.cpp">
      <Filter>Quelldateien</Filter>
    </ClCompile>
    <ClCompile Include="opencl_impl_commandtracker.cpp">
      <Filter>Quelldateien</Filter>
    </ClCompile>
    <ClCompile Include="opencl_impl_context.cpp">
      <Filter>Quelldateien</Filter>
    </ClCompile>
    <ClCompile Include="opencl_impl_device.cpp">
      <Filter>Quelldateien</Filter>
    </ClCompile>
    <ClCompile Include="opencl_impl_platform.cpp">
      <Filter>Quelldateien</Filter>
    </ClCompile>
    <ClCompile Include="opencl_impl_program.cpp">
      <Filter>Quelldateien</Filter>
    </ClCompile>
    <ClCompile Include="opencl_impl_programmanifest.cpp">
      <Filter>Quelldateien</Filter>
    </ClCompile>
  </ItemGroup>
  <ItemGroup>
    <ClInclude Include="pch.h">
      <Filter>pch</Filter>
    </ClInclude>
    <ClInclude Include="opencl.h">
      <Filter>Quelldateien</Filter>
    </ClInclude>
    <ClInclude Include="opencl_impl.h">
      <Filter>Quelldateien</Filter>
    </ClInclude>
  </ItemGroup>
</Project>