<?xml version="1.0" encoding="utf-8"?>
<Project ToolsVersion="14.0" xmlns="http://schemas.microsoft.com/developer/msbuild/2003">
  <ItemGroup>
    <Filter Include="GC">
      <UniqueIdentifier>{127ea4fd-ba9e-4f3f-ad03-4f5b251f708d}</UniqueIdentifier>
    </Filter>
    <Filter Include="pch">
      <UniqueIdentifier>{b516adf8-6dab-4c65-b3d4-9c5a0a060c56}</UniqueIdentifier>
    </Filter>
    <Filter Include="ISAM">
      <UniqueIdentifier>{caae35e4-4acc-451c-b8f3-cff4cfee6afa}</UniqueIdentifier>
    </Filter>
    <Filter Include="SQLite">
      <UniqueIdentifier>{ce26fe85-a19e-4a84-a0f2-673923402439}</UniqueIdentifier>
    </Filter>
    <Filter Include="SQLite\sqlite3">
      <UniqueIdentifier>{86475f07-dd93-4583-9234-ac573fbba25b}</UniqueIdentifier>
    </Filter>
    <Filter Include="core">
      <UniqueIdentifier>{b29871ca-4a34-4ffb-b08b-6e857241f398}</UniqueIdentifier>
    </Filter>
    <Filter Include="utilities">
      <UniqueIdentifier>{fbfda489-fa19-422f-97db-c90830a30e66}</UniqueIdentifier>
    </Filter>
  </ItemGroup>
  <ItemGroup>
    <ClCompile Include="gc_addresseshashtable.cpp">
      <Filter>GC</Filter>
    </ClCompile>
    <ClCompile Include="gc_arrayofedges.cpp">
      <Filter>GC</Filter>
    </ClCompile>
    <ClCompile Include="gc_garbagecollector.cpp">
      <Filter>GC</Filter>
    </ClCompile>
    <ClCompile Include="gc_memorydigraph.cpp">
      <Filter>GC</Filter>
    </ClCompile>
    <ClCompile Include="gc_messages.cpp">
      <Filter>GC</Filter>
    </ClCompile>
    <ClCompile Include="gc_vertex.cpp">
      <Filter>GC</Filter>
    </ClCompile>
    <ClCompile Include="gc_vertexstore.cpp">
      <Filter>GC</Filter>
    </ClCompile>
    <ClCompile Include="sqlite_databaseconn.cpp">
      <Filter>SQLite</Filter>
    </ClCompile>
    <ClCompile Include="sqlite_dbconnpool.cpp">
      <Filter>SQLite</Filter>
    </ClCompile>
    <ClCompile Include="sqlite_prepstatement.cpp">
      <Filter>SQLite</Filter>
    </ClCompile>
    <ClCompile Include="sqlite_transaction.cpp">
      <Filter>SQLite</Filter>
    </ClCompile>
    <ClCompile Include="sqlite3.c">
      <Filter>SQLite\sqlite3</Filter>
    </ClCompile>
    <ClCompile Include="utils_asynchronous.cpp">
      <Filter>utilities</Filter>
    </ClCompile>
    <ClCompile Include="utils_dynmempool.cpp">
      <Filter>utilities</Filter>
    </ClCompile>
    <ClCompile Include="utils_event.cpp">
      <Filter>utilities</Filter>
    </ClCompile>
    <ClCompile Include="utils_memorypool.cpp">
      <Filter>utilities</Filter>
    </ClCompile>
    <ClCompile Include="isam_impl.cpp">
      <Filter>ISAM</Filter>
    </ClCompile>
    <ClCompile Include="isam_impl_cursor.cpp">
      <Filter>ISAM</Filter>
    </ClCompile>
    <ClCompile Include="isam_impl_database.cpp">
      <Filter>ISAM</Filter>
    </ClCompile>
    <ClCompile Include="isam_impl_databaseconn.cpp">
      <Filter>ISAM</Filter>
    </ClCompile>
    <ClCompile Include="isam_impl_errorhelper.cpp">
      <Filter>ISAM</Filter>
    </ClCompile>
    <ClCompile Include="isam_impl_instance.cpp">
      <Filter>ISAM</Filter>
    </ClCompile>
    <ClCompile Include="isam_impl_recordreader.cpp">
      <Filter>ISAM</Filter>
    </ClCompile>
    <ClCompile Include="isam_impl_session.cpp">
      <Filter>ISAM</Filter>
    </ClCompile>
    <ClCompile Include="isam_impl_table.cpp">
      <Filter>ISAM</Filter>
    </ClCompile>
    <ClCompile Include="isam_impl_tablewriter.cpp">
      <Filter>ISAM</Filter>
    </ClCompile>
    <ClCompile Include="isam_impl_transaction.cpp">
      <Filter>ISAM</Filter>
    </ClCompile>
    <ClCompile Include="utils_winrt.cpp">
      <Filter>utilities</Filter>
    </ClCompile>
    <ClCompile Include="stdafx.cpp">
      <Filter>pch</Filter>
    </ClCompile>
    <ClCompile Include="callstacktracer.cpp">
      <Filter>core</Filter>
    </ClCompile>
    <ClCompile Include="configuration.cpp">
      <Filter>core</Filter>
    </ClCompile>
    <ClCompile Include="dependencies.cpp">
      <Filter>core</Filter>
    </ClCompile>
    <ClCompile Include="exceptions.cpp">
      <Filter>core</Filter>
    </ClCompile>
    <ClCompile Include="logger.cpp">
      <Filter>core</Filter>
    </ClCompile>
    <ClCompile Include="logger_winrt.cpp">
      <Filter>core</Filter>
    </ClCompile>
    <ClCompile Include="runtime.cpp">
      <Filter>core</Filter>
    </ClCompile>
  </ItemGroup>
  <ItemGroup>
    <ClInclude Include="gc.h">
      <Filter>GC</Filter>
    </ClInclude>
    <ClInclude Include="gc_addresseshashtable.h">
      <Filter>GC</Filter>
    </ClInclude>
    <ClInclude Include="gc_arrayofedges.h">
      <Filter>GC</Filter>
    </ClInclude>
    <ClInclude Include="gc_common.h">
      <Filter>GC</Filter>
    </ClInclude>
    <ClInclude Include="gc_memaddress.h">
      <Filter>GC</Filter>
    </ClInclude>
    <ClInclude Include="gc_memorydigraph.h">
      <Filter>GC</Filter>
    </ClInclude>
    <ClInclude Include="gc_messages.h">
      <Filter>GC</Filter>
    </ClInclude>
    <ClInclude Include="gc_vertex.h">
      <Filter>GC</Filter>
    </ClInclude>
    <ClInclude Include="gc_vertexstore.h">
      <Filter>GC</Filter>
    </ClInclude>
    <ClInclude Include="sptr.h">
      <Filter>GC</Filter>
    </ClInclude>
    <ClInclude Include="sqlite.h">
      <Filter>SQLite</Filter>
    </ClInclude>
    <ClInclude Include="sqlite3.h">
      <Filter>SQLite\sqlite3</Filter>
    </ClInclude>
    <ClInclude Include="utils.h">
      <Filter>utilities</Filter>
    </ClInclude>
    <ClInclude Include="utils_lockfreequeue.h">
      <Filter>utilities</Filter>
    </ClInclude>
    <ClInclude Include="isam.h">
      <Filter>ISAM</Filter>
    </ClInclude>
    <ClInclude Include="isam_impl.h">
      <Filter>ISAM</Filter>
    </ClInclude>
    <ClInclude Include="utils_winrt.h">
      <Filter>utilities</Filter>
    </ClInclude>
    <ClInclude Include="stdafx.h">
      <Filter>pch</Filter>
    </ClInclude>
    <ClInclude Include="targetver.h">
      <Filter>pch</Filter>
    </ClInclude>
    <ClInclude Include="base.h">
      <Filter>core</Filter>
    </ClInclude>
    <ClInclude Include="callstacktracer.h">
      <Filter>core</Filter>
    </ClInclude>
    <ClInclude Include="configuration.h">
      <Filter>core</Filter>
    </ClInclude>
    <ClInclude Include="dependencies.h">
      <Filter>core</Filter>
    </ClInclude>
    <ClInclude Include="exceptions.h">
      <Filter>core</Filter>
    </ClInclude>
    <ClInclude Include="logger.h">
      <Filter>core</Filter>
    </ClInclude>
    <ClInclude Include="preprocessing.h">
      <Filter>core</Filter>
    </ClInclude>
    <ClInclude Include="runtime.h">
      <Filter>core</Filter>
    </ClInclude>
  </ItemGroup>
</Project>