<?xml version="1.0" encoding="utf-8"?>
<Project ToolsVersion="4.0" xmlns="http://schemas.microsoft.com/developer/msbuild/2003">
  <ItemGroup>
    <Filter Include="Source Files">
      <UniqueIdentifier>{4FC737F1-C7A5-4376-A066-2A32D752A2FF}</UniqueIdentifier>
      <Extensions>cpp;c;cc;cxx;def;odl;idl;hpj;bat;asm;asmx</Extensions>
    </Filter>
    <Filter Include="Header Files">
      <UniqueIdentifier>{93995380-89BD-4b04-88EB-625FBE52EBFB}</UniqueIdentifier>
      <Extensions>h;hpp;hxx;hm;inl;inc;xsd</Extensions>
    </Filter>
    <Filter Include="Resource Files">
      <UniqueIdentifier>{67DA6AB6-F800-4c08-8B7A-83BB121AAD01}</UniqueIdentifier>
      <Extensions>rc;ico;cur;bmp;dlg;rc2;rct;bin;rgs;gif;jpg;jpeg;jpe;resx;tiff;tif;png;wav;mfcribbon-ms</Extensions>
    </Filter>
    <Filter Include="Header Files\core">
      <UniqueIdentifier>{ac16d35f-aa39-45c3-9b2c-5543cec419b9}</UniqueIdentifier>
    </Filter>
    <Filter Include="Source Files\core">
      <UniqueIdentifier>{30173bc6-2c99-4711-bdf2-4969e618fce7}</UniqueIdentifier>
    </Filter>
    <Filter Include="Source Files\ISAM">
      <UniqueIdentifier>{8b1ea7ec-6a50-4d55-bdbf-b092c26fc292}</UniqueIdentifier>
    </Filter>
    <Filter Include="Header Files\ISAM">
      <UniqueIdentifier>{4de76b28-d59d-46c2-b554-24836ed641ae}</UniqueIdentifier>
    </Filter>
    <Filter Include="MORE">
      <UniqueIdentifier>{0cee6fc2-4873-453d-ae55-232836f8b89c}</UniqueIdentifier>
    </Filter>
    <Filter Include="MORE\OpenCL">
      <UniqueIdentifier>{8d8dc2c4-8a72-4150-8c2d-28696b3e904a}</UniqueIdentifier>
    </Filter>
    <Filter Include="MORE\SQLite3">
      <UniqueIdentifier>{395999a4-24a7-4dfe-9a52-6bf9eb87e510}</UniqueIdentifier>
    </Filter>
    <Filter Include="Source Files\OpenCL">
      <UniqueIdentifier>{ccc3c52c-aff6-436c-8adf-78d07d1a852a}</UniqueIdentifier>
    </Filter>
    <Filter Include="Header Files\OpenCL">
      <UniqueIdentifier>{edc38cba-bae7-491a-8bd9-6a4f526bac49}</UniqueIdentifier>
    </Filter>
    <Filter Include="Source Files\SQLite">
      <UniqueIdentifier>{29555dd9-0109-4efe-bdab-39050ae8185b}</UniqueIdentifier>
    </Filter>
    <Filter Include="Header Files\GC">
      <UniqueIdentifier>{ca2b298e-0fc2-484d-9742-7e1cbb00a56e}</UniqueIdentifier>
    </Filter>
    <Filter Include="Source Files\GC">
      <UniqueIdentifier>{adaad3a7-931d-4ff9-a154-1acf0e0f2eae}</UniqueIdentifier>
    </Filter>
    <Filter Include="Source Files\utilities">
      <UniqueIdentifier>{1e15f524-b36e-41e4-a678-89ad500e083d}</UniqueIdentifier>
    </Filter>
    <Filter Include="Header Files\utilities">
      <UniqueIdentifier>{0275ac77-e49a-48fb-83b7-7bd7c155c1f1}</UniqueIdentifier>
    </Filter>
    <Filter Include="Source Files\WWS">
      <UniqueIdentifier>{d82ab402-8e71-4264-848b-6b03a49da6a0}</UniqueIdentifier>
    </Filter>
    <Filter Include="Header Files\WWS">
      <UniqueIdentifier>{3857e457-1807-4bcd-95a3-3016a2106228}</UniqueIdentifier>
    </Filter>
    <Filter Include="MORE\pch">
      <UniqueIdentifier>{9dd1a655-8f07-4b3d-807f-d5f7640be150}</UniqueIdentifier>
    </Filter>
    <Filter Include="Source Files\RPC">
      <UniqueIdentifier>{46c1cbcb-27e2-4a26-8271-7f727fbf35c8}</UniqueIdentifier>
    </Filter>
    <Filter Include="Header Files\RPC">
      <UniqueIdentifier>{e13956f3-68a6-4fc3-a593-3e87142105bc}</UniqueIdentifier>
    </Filter>
  </ItemGroup>
  <ItemGroup>
    <Text Include="ReadMe.txt">
      <Filter>MORE</Filter>
    </Text>
    <Text Include="..\Acknowledgements.txt">
      <Filter>MORE</Filter>
    </Text>
  </ItemGroup>
  <ItemGroup>
    <ClInclude Include="sqlite.h">
      <Filter>Header Files</Filter>
    </ClInclude>
    <ClInclude Include="sqlite3.h">
      <Filter>MORE\SQLite3</Filter>
    </ClInclude>
    <ClInclude Include="CL\cl.h">
      <Filter>MORE\OpenCL</Filter>
    </ClInclude>
    <ClInclude Include="CL\cl_platform.h">
      <Filter>MORE\OpenCL</Filter>
    </ClInclude>
    <ClInclude Include="CL\opencl.h">
      <Filter>MORE\OpenCL</Filter>
    </ClInclude>
    <ClInclude Include="callstacktracer.h">
      <Filter>Header Files\core</Filter>
    </ClInclude>
    <ClInclude Include="configuration.h">
      <Filter>Header Files\core</Filter>
    </ClInclude>
    <ClInclude Include="dependencies.h">
      <Filter>Header Files\core</Filter>
    </ClInclude>
    <ClInclude Include="exceptions.h">
      <Filter>Header Files\core</Filter>
    </ClInclude>
    <ClInclude Include="logger.h">
      <Filter>Header Files\core</Filter>
    </ClInclude>
    <ClInclude Include="runtime.h">
      <Filter>Header Files\core</Filter>
    </ClInclude>
    <ClInclude Include="isam_impl.h">
      <Filter>Header Files\ISAM</Filter>
    </ClInclude>
    <ClInclude Include="isam.h">
      <Filter>Header Files\ISAM</Filter>
    </ClInclude>
    <ClInclude Include="base.h">
      <Filter>Header Files\core</Filter>
    </ClInclude>
    <ClInclude Include="targetver.h">
      <Filter>MORE\pch</Filter>
    </ClInclude>
    <ClInclude Include="stdafx.h">
      <Filter>MORE\pch</Filter>
    </ClInclude>
    <ClInclude Include="preprocessing.h">
      <Filter>Header Files\core</Filter>
    </ClInclude>
    <ClInclude Include="opencl.h">
      <Filter>Header Files\OpenCL</Filter>
    </ClInclude>
    <ClInclude Include="opencl_impl.h">
      <Filter>Header Files\OpenCL</Filter>
    </ClInclude>
    <ClInclude Include="gc.h">
      <Filter>Header Files\GC</Filter>
    </ClInclude>
    <ClInclude Include="gc_messages.h">
      <Filter>Header Files\GC</Filter>
    </ClInclude>
    <ClInclude Include="sptr.h">
      <Filter>Header Files\GC</Filter>
    </ClInclude>
    <ClInclude Include="gc_memorydigraph.h">
      <Filter>Header Files\GC</Filter>
    </ClInclude>
    <ClInclude Include="gc_addresseshashtable.h">
      <Filter>Header Files\GC</Filter>
    </ClInclude>
    <ClInclude Include="gc_common.h">
      <Filter>Header Files\GC</Filter>
    </ClInclude>
    <ClInclude Include="gc_memaddress.h">
      <Filter>Header Files\GC</Filter>
    </ClInclude>
    <ClInclude Include="utils.h">
      <Filter>Header Files\utilities</Filter>
    </ClInclude>
    <ClInclude Include="gc_arrayofedges.h">
      <Filter>Header Files\GC</Filter>
    </ClInclude>
    <ClInclude Include="gc_vertex.h">
      <Filter>Header Files\GC</Filter>
    </ClInclude>
    <ClInclude Include="gc_vertexstore.h">
      <Filter>Header Files\GC</Filter>
    </ClInclude>
    <ClInclude Include="web_wws_webservicehost.h">
      <Filter>Header Files\WWS</Filter>
    </ClInclude>
    <ClInclude Include="web_wws_webserviceproxy.h">
      <Filter>Header Files\WWS</Filter>
    </ClInclude>
    <ClInclude Include="utils_lockfreequeue.h">
      <Filter>Header Files\utilities</Filter>
    </ClInclude>
    <ClInclude Include="rpc_impl_server.h">
      <Filter>Header Files\RPC</Filter>
    </ClInclude>
    <ClInclude Include="rpc_impl_util.h">
      <Filter>Header Files\RPC</Filter>
    </ClInclude>
    <ClInclude Include="rpc_helpers.h">
      <Filter>Header Files\RPC</Filter>
    </ClInclude>
    <ClInclude Include="web_wws_impl_utils.h">
      <Filter>Header Files\WWS</Filter>
    </ClInclude>
    <ClInclude Include="web_wws_impl_proxy.h">
      <Filter>Header Files\WWS</Filter>
    </ClInclude>
    <ClInclude Include="web_wws_impl_host.h">
      <Filter>Header Files\WWS</Filter>
    </ClInclude>
    <ClInclude Include="web_wws_utils.h">
      <Filter>Header Files\WWS</Filter>
    </ClInclude>
    <ClInclude Include="cmdline.h">
      <Filter>Header Files\core</Filter>
    </ClInclude>
    <ClInclude Include="broker.h">
      <Filter>Header Files</Filter>
    </ClInclude>
  </ItemGroup>
  <ItemGroup>
    <ClCompile Include="sqlite3.c">
      <Filter>MORE\SQLite3</Filter>
    </ClCompile>
    <ClCompile Include="dependencies.cpp">
      <Filter>Source Files\core</Filter>
    </ClCompile>
    <ClCompile Include="configuration.cpp">
      <Filter>Source Files\core</Filter>
    </ClCompile>
    <ClCompile Include="callstacktracer.cpp">
      <Filter>Source Files\core</Filter>
    </ClCompile>
    <ClCompile Include="exceptions.cpp">
      <Filter>Source Files\core</Filter>
    </ClCompile>
    <ClCompile Include="logger.cpp">
      <Filter>Source Files\core</Filter>
    </ClCompile>
    <ClCompile Include="runtime.cpp">
      <Filter>Source Files\core</Filter>
    </ClCompile>
    <ClCompile Include="isam_impl.cpp">
      <Filter>Source Files\ISAM</Filter>
    </ClCompile>
    <ClCompile Include="isam_impl_table.cpp">
      <Filter>Source Files\ISAM</Filter>
    </ClCompile>
    <ClCompile Include="stdafx.cpp">
      <Filter>MORE\pch</Filter>
    </ClCompile>
    <ClCompile Include="isam_impl_cursor.cpp">
      <Filter>Source Files\ISAM</Filter>
    </ClCompile>
    <ClCompile Include="logger_poco.cpp">
      <Filter>Source Files\core</Filter>
    </ClCompile>
    <ClCompile Include="opencl_impl.cpp">
      <Filter>Source Files\OpenCL</Filter>
    </ClCompile>
    <ClCompile Include="opencl_impl_platform.cpp">
      <Filter>Source Files\OpenCL</Filter>
    </ClCompile>
    <ClCompile Include="opencl_impl_context.cpp">
      <Filter>Source Files\OpenCL</Filter>
    </ClCompile>
    <ClCompile Include="opencl_impl_commandtracker.cpp">
      <Filter>Source Files\OpenCL</Filter>
    </ClCompile>
    <ClCompile Include="opencl_impl_program.cpp">
      <Filter>Source Files\OpenCL</Filter>
    </ClCompile>
    <ClCompile Include="opencl_impl_device.cpp">
      <Filter>Source Files\OpenCL</Filter>
    </ClCompile>
    <ClCompile Include="opencl_impl_programmanifest.cpp">
      <Filter>Source Files\OpenCL</Filter>
    </ClCompile>
    <ClCompile Include="sqlite_databaseconn.cpp">
      <Filter>Source Files\SQLite</Filter>
    </ClCompile>
    <ClCompile Include="sqlite_prepstatement.cpp">
      <Filter>Source Files\SQLite</Filter>
    </ClCompile>
    <ClCompile Include="sqlite_dbconnpool.cpp">
      <Filter>Source Files\SQLite</Filter>
    </ClCompile>
    <ClCompile Include="sqlite_transaction.cpp">
      <Filter>Source Files\SQLite</Filter>
    </ClCompile>
    <ClCompile Include="gc_messages.cpp">
      <Filter>Source Files\GC</Filter>
    </ClCompile>
    <ClCompile Include="gc_addresseshashtable.cpp">
      <Filter>Source Files\GC</Filter>
    </ClCompile>
    <ClCompile Include="gc_garbagecollector.cpp">
      <Filter>Source Files\GC</Filter>
    </ClCompile>
    <ClCompile Include="isam_impl_transaction.cpp">
      <Filter>Source Files\ISAM</Filter>
    </ClCompile>
    <ClCompile Include="isam_impl_session.cpp">
      <Filter>Source Files\ISAM</Filter>
    </ClCompile>
    <ClCompile Include="isam_impl_database.cpp">
      <Filter>Source Files\ISAM</Filter>
    </ClCompile>
    <ClCompile Include="isam_impl_databaseconn.cpp">
      <Filter>Source Files\ISAM</Filter>
    </ClCompile>
    <ClCompile Include="isam_impl_recordreader.cpp">
      <Filter>Source Files\ISAM</Filter>
    </ClCompile>
    <ClCompile Include="isam_impl_tablewriter.cpp">
      <Filter>Source Files\ISAM</Filter>
    </ClCompile>
    <ClCompile Include="isam_impl_instance.cpp">
      <Filter>Source Files\ISAM</Filter>
    </ClCompile>
    <ClCompile Include="isam_impl_errorhelper.cpp">
      <Filter>Source Files\ISAM</Filter>
    </ClCompile>
    <ClCompile Include="utils_event.cpp">
      <Filter>Source Files\utilities</Filter>
    </ClCompile>
    <ClCompile Include="utils_asynchronous.cpp">
      <Filter>Source Files\utilities</Filter>
    </ClCompile>
    <ClCompile Include="utils_memorypool.cpp">
      <Filter>Source Files\utilities</Filter>
    </ClCompile>
    <ClCompile Include="utils_dynmempool.cpp">
      <Filter>Source Files\utilities</Filter>
    </ClCompile>
    <ClCompile Include="gc_memorydigraph.cpp">
      <Filter>Source Files\GC</Filter>
    </ClCompile>
    <ClCompile Include="utils_arrayofbits.cpp">
      <Filter>Source Files\utilities</Filter>
    </ClCompile>
    <ClCompile Include="gc_arrayofedges.cpp">
      <Filter>Source Files\GC</Filter>
    </ClCompile>
    <ClCompile Include="gc_vertex.cpp">
      <Filter>Source Files\GC</Filter>
    </ClCompile>
    <ClCompile Include="gc_vertexstore.cpp">
      <Filter>Source Files\GC</Filter>
    </ClCompile>
    <ClCompile Include="rpc_impl_client.cpp">
      <Filter>Source Files\RPC</Filter>
    </ClCompile>
    <ClCompile Include="rpc_impl_server.cpp">
      <Filter>Source Files\RPC</Filter>
    </ClCompile>
    <ClCompile Include="rpc_impl_util.cpp">
      <Filter>Source Files\RPC</Filter>
    </ClCompile>
    <ClCompile Include="utils_sharedmutex.cpp">
      <Filter>Source Files\utilities</Filter>
    </ClCompile>
    <ClCompile Include="web_wws_impl_utils_xml.cpp">
      <Filter>Source Files\WWS</Filter>
    </ClCompile>
    <ClCompile Include="web_wws_impl_host.cpp">
      <Filter>Source Files\WWS</Filter>
    </ClCompile>
    <ClCompile Include="web_wws_impl_proxy.cpp">
      <Filter>Source Files\WWS</Filter>
    </ClCompile>
    <ClCompile Include="web_wws_impl_utils_wserror.cpp">
      <Filter>Source Files\WWS</Filter>
    </ClCompile>
    <ClCompile Include="web_wws_impl_utils.cpp">
      <Filter>Source Files\WWS</Filter>
    </ClCompile>
    <ClCompile Include="web_wws_impl_utils_wsasyncoper.cpp">
      <Filter>Source Files\WWS</Filter>
    </ClCompile>
    <ClCompile Include="cmdline.cpp">
      <Filter>Source Files\core</Filter>
    </ClCompile>
  </ItemGroup>
  <ItemGroup>
    <Xml Include="config3fd-template.xml">
      <Filter>Resource Files</Filter>
    </Xml>
  </ItemGroup>
  <ItemGroup>
    <CustomBuild Include="wsdl-example.wsdl">
      <Filter>Resource Files</Filter>
    </CustomBuild>
  </ItemGroup>
</Project>