<?xml version="1.0" encoding="utf-8"?>
<Project ToolsVersion="4.0" xmlns="http://schemas.microsoft.com/developer/msbuild/2003">
  <ItemGroup>
    <Filter Include="Quelldateien">
      <UniqueIdentifier>{4FC737F1-C7A5-4376-A066-2A32D752A2FF}</UniqueIdentifier>
      <Extensions>cpp;c;cc;cxx;def;odl;idl;hpj;bat;asm;asmx</Extensions>
    </Filter>
    <Filter Include="Ressourcendateien">
      <UniqueIdentifier>{67DA6AB6-F800-4c08-8B7A-83BB121AAD01}</UniqueIdentifier>
      <Extensions>rc;ico;cur;bmp;dlg;rc2;rct;bin;rgs;gif;jpg;jpeg;jpe;resx;tiff;tif;png;wav;mfcribbon-ms</Extensions>
    </Filter>
    <Filter Include="pch">
      <UniqueIdentifier>{d018c4c3-12de-4e77-9c7f-014494b49838}</UniqueIdentifier>
    </Filter>
  </ItemGroup>
  <ItemGroup>
    <ClInclude Include="pch.h">
      <Filter>pch</Filter>
    </ClInclude>
    <ClInclude Include="isam.h">
      <Filter>Quelldateien</Filter>
    </ClInclude>
    <ClInclude Include="isam_impl.h">
      <Filter>Quelldateien</Filter>
    </ClInclude>
  </ItemGroup>
  <ItemGroup>
    <ClCompile Include="pch.cpp">
      <Filter>pch</Filter>
    </ClCompile>
    <ClCompile Include="isam_impl.cpp">
      <Filter>Quelldateien</Filter>
    </ClCompile>
    <ClCompile Include="isam_impl_cursor.cpp">
      <Filter>Quelldateien</Filter>
    </ClCompile>
    <ClCompile Include="isam_impl_database.cpp">
      <Filter>Quelldateien</Filter>
    </ClCompile>
    <ClCompile Include="isam_impl_databaseconn.cpp">
      <Filter>Quelldateien</Filter>
    </ClCompile>
    <ClCompile Include="isam_impl_errorhelper.cpp">
      <Filter>Quelldateien</Filter>
    </ClCompile>
    <ClCompile Include="isam_impl_instance.cpp">
      <Filter>Quelldateien</Filter>
    </ClCompile>
    <ClCompile Include="isam_impl_recordreader.cpp">
      <Filter>Quelldateien</Filter>
    </ClCompile>
    <ClCompile Include="isam_impl_session.cpp">
      <Filter>Quelldateien</Filter>
    </ClCompile>
    <ClCompile Include="isam_impl_table.cpp">
      <Filter>Quelldateien</Filter>
    </ClCompile>
    <ClCompile Include="isam_impl_tablewriter.cpp">
      <Filter>Quelldateien</Filter>
    </ClCompile>
    <ClCompile Include="isam_impl_transaction.cpp">
      <Filter>Quelldateien</Filter>
    </ClCompile>
  </ItemGroup>
</Project>