<?xml version="1.0" encoding="utf-8"?>
<Project ToolsVersion="15.0" xmlns="http://schemas.microsoft.com/developer/msbuild/2003">
  <ItemGroup>
    <Filter Include="Resource Files">
      <UniqueIdentifier>{67DA6AB6-F800-4c08-8B7A-83BB121AAD01}</UniqueIdentifier>
      <Extensions>rc;ico;cur;bmp;dlg;rc2;rct;bin;rgs;gif;jpg;jpeg;jpe;resx;tga;tiff;tif;png;wav;mfcribbon-ms</Extensions>
    </Filter>
    <Filter Include="pch">
      <UniqueIdentifier>{80b1e6f6-8c9a-48f2-83a3-faa2466963df}</UniqueIdentifier>
    </Filter>
  </ItemGroup>
  <ItemGroup>
    <ClInclude Include="pch.h">
      <Filter>pch</Filter>
    </ClInclude>
    <ClInclude Include="targetver.h">
      <Filter>pch</Filter>
    </ClInclude>
    <ClInclude Include="xml.h" />
    <ClInclude Include="algorithms.h" />
    <ClInclude Include="concurrency.h" />
    <ClInclude Include="serialization.h" />
    <ClInclude Include="lockfreequeue.h" />
    <ClInclude Include="memory.h" />
    <ClInclude Include="winrt.h" />
    <ClInclude Include="text.h" />
  </ItemGroup>
  <ItemGroup>
    <ClCompile Include="pch.cpp">
      <Filter>pch</Filter>
    </ClCompile>
    <ClCompile Include="xml.cpp" />
    <ClCompile Include="asynchronous.cpp" />
    <ClCompile Include="dynmempool.cpp" />
    <ClCompile Include="event.cpp" />
    <ClCompile Include="memorypool.cpp" />
    <ClCompile Include="sharedmutex.cpp" />
    <ClCompile Include="winrt.cpp" />
    <ClCompile Include="text.cpp" />
    <ClCompile Include="serialization.cpp" />
  </ItemGroup>
</Project>