<?xml version="1.0" encoding="utf-8"?>
<Project ToolsVersion="4.0" xmlns="http://schemas.microsoft.com/developer/msbuild/2003">
  <ItemGroup>
    <Filter Include="Source Files">
      <UniqueIdentifier>{4FC737F1-C7A5-4376-A066-2A32D752A2FF}</UniqueIdentifier>
      <Extensions>cpp;c;cc;cxx;def;odl;idl;hpj;bat;asm;asmx</Extensions>
    </Filter>
    <Filter Include="Resource Files">
      <UniqueIdentifier>{67DA6AB6-F800-4c08-8B7A-83BB121AAD01}</UniqueIdentifier>
      <Extensions>rc;ico;cur;bmp;dlg;rc2;rct;bin;rgs;gif;jpg;jpeg;jpe;resx;tiff;tif;png;wav;mfcribbon-ms</Extensions>
    </Filter>
    <Filter Include="pch">
      <UniqueIdentifier>{057cf2cd-d132-487b-a974-a6dae8523905}</UniqueIdentifier>
    </Filter>
    <Filter Include="Shared">
      <UniqueIdentifier>{a39acdfb-b648-4dc5-aab5-aa039b513db1}</UniqueIdentifier>
    </Filter>
  </ItemGroup>
  <ItemGroup>
    <ClCompile Include="tests_gc_hashtable.cpp">
      <Filter>Source Files</Filter>
    </ClCompile>
    <ClCompile Include="tests_utils_pool.cpp">
      <Filter>Source Files</Filter>
    </ClCompile>
    <ClCompile Include="tests_gc_arrayofedges.cpp">
      <Filter>Source Files</Filter>
    </ClCompile>
    <ClCompile Include="tests_gc_vertex.cpp">
      <Filter>Source Files</Filter>
    </ClCompile>
    <ClCompile Include="tests_gc_vertexstore.cpp">
      <Filter>Source Files</Filter>
    </ClCompile>
    <ClCompile Include="tests_utils_lockfreequeue.cpp">
      <Filter>Source Files</Filter>
    </ClCompile>
    <ClCompile Include="tests_utils_algorithms.cpp">
      <Filter>Source Files</Filter>
    </ClCompile>
    <ClCompile Include="tests_xml.cpp">
      <Filter>Source Files</Filter>
    </ClCompile>
    <ClCompile Include="pch.cpp">
      <Filter>pch</Filter>
    </ClCompile>
    <ClCompile Include="..\TestShared\main.cpp">
      <Filter>Shared</Filter>
    </ClCompile>
    <ClCompile Include="tests_utils_cache.cpp">
      <Filter>Source Files</Filter>
    </ClCompile>
    <ClCompile Include="tests_utils_cmdline.cpp">
      <Filter>Source Files</Filter>
    </ClCompile>
    <ClCompile Include="tests_utils_serialization.cpp">
      <Filter>Source Files</Filter>
    </ClCompile>
    <ClCompile Include="tests_utils_text.cpp">
      <Filter>Source Files</Filter>
    </ClCompile>
  </ItemGroup>
  <ItemGroup>
    <Text Include="CMakeLists.txt" />
  </ItemGroup>
  <ItemGroup>
    <None Include="application.config">
      <Filter>Resource Files</Filter>
    </None>
  </ItemGroup>
  <ItemGroup>
    <ClInclude Include="pch.h">
      <Filter>pch</Filter>
    </ClInclude>
  </ItemGroup>
</Project>